// !$*UTF8*$!
{
	archiveVersion = 1;
	classes = {
	};
	objectVersion = 55;
	objects = {

/* Begin PBXBuildFile section */
		180650EC2803BFDB005E9F0E /* TodayWeather.swift in Sources */ = {isa = PBXBuildFile; fileRef = 180650EB2803BFDB005E9F0E /* TodayWeather.swift */; };
		180650EE28050B02005E9F0E /* WeatherInformation + Mapping.swift in Sources */ = {isa = PBXBuildFile; fileRef = 180650ED28050B02005E9F0E /* WeatherInformation + Mapping.swift */; };
		180650F5280515E2005E9F0E /* Country.swift in Sources */ = {isa = PBXBuildFile; fileRef = 180650F4280515E2005E9F0E /* Country.swift */; };
		180650FB2805AA23005E9F0E /* CacheService.swift in Sources */ = {isa = PBXBuildFile; fileRef = 180650FA2805AA23005E9F0E /* CacheService.swift */; };
		180650FD2805B0F9005E9F0E /* ImageCacheData.swift in Sources */ = {isa = PBXBuildFile; fileRef = 180650FC2805B0F9005E9F0E /* ImageCacheData.swift */; };
		18A4F1D12830E24500B75E4C /* APIRequest.swift in Sources */ = {isa = PBXBuildFile; fileRef = 18A4F1D02830E24500B75E4C /* APIRequest.swift */; };
		18A4F1D42830E27F00B75E4C /* QueryParameters.swift in Sources */ = {isa = PBXBuildFile; fileRef = 18A4F1D32830E27F00B75E4C /* QueryParameters.swift */; };
		18A4F1D72830E2D000B75E4C /* CoordinateWeatherRequest.swift in Sources */ = {isa = PBXBuildFile; fileRef = 18A4F1D62830E2D000B75E4C /* CoordinateWeatherRequest.swift */; };
		18A4F1D92830E3E900B75E4C /* URLSessionService+Rx.swift in Sources */ = {isa = PBXBuildFile; fileRef = 18A4F1D82830E3E900B75E4C /* URLSessionService+Rx.swift */; };
		18A4F1DC2830E77A00B75E4C /* CityWeatherRequest.swift in Sources */ = {isa = PBXBuildFile; fileRef = 18A4F1DB2830E77A00B75E4C /* CityWeatherRequest.swift */; };
		18A6FA962824432C00CFF151 /* CityCollectionCellViewModel.swift in Sources */ = {isa = PBXBuildFile; fileRef = 18A6FA952824432C00CFF151 /* CityCollectionCellViewModel.swift */; };
		18A6FA98282443DF00CFF151 /* CityCollectionViewCell.swift in Sources */ = {isa = PBXBuildFile; fileRef = 18A6FA97282443DF00CFF151 /* CityCollectionViewCell.swift */; };
		18C9297B2821410400350B96 /* CurrentLocationViewController.swift in Sources */ = {isa = PBXBuildFile; fileRef = 18C9297A2821410400350B96 /* CurrentLocationViewController.swift */; };
		18C9297D2821412400350B96 /* CurrentLocationViewModel.swift in Sources */ = {isa = PBXBuildFile; fileRef = 18C9297C2821412400350B96 /* CurrentLocationViewModel.swift */; };
		18C9297F2821413800350B96 /* CurrentLocationCoordinator.swift in Sources */ = {isa = PBXBuildFile; fileRef = 18C9297E2821413800350B96 /* CurrentLocationCoordinator.swift */; };
		18C92981282159AE00350B96 /* RxCocoa + Extension.swift in Sources */ = {isa = PBXBuildFile; fileRef = 18C92980282159AE00350B96 /* RxCocoa + Extension.swift */; };
		18CE9DE1282ED3A1005ECC81 /* Image+Extension.swift in Sources */ = {isa = PBXBuildFile; fileRef = 18CE9DE0282ED3A1005ECC81 /* Image+Extension.swift */; };
		18CF32782847C0EF006482C5 /* Operators.swift in Sources */ = {isa = PBXBuildFile; fileRef = 18CF32772847C0EF006482C5 /* Operators.swift */; };
		18D4DD0327FBC15100697F43 /* AppDelegate.swift in Sources */ = {isa = PBXBuildFile; fileRef = 18D4DD0227FBC15100697F43 /* AppDelegate.swift */; };
		18D4DD0527FBC15100697F43 /* SceneDelegate.swift in Sources */ = {isa = PBXBuildFile; fileRef = 18D4DD0427FBC15100697F43 /* SceneDelegate.swift */; };
		18D4DD0727FBC15100697F43 /* SearchViewController.swift in Sources */ = {isa = PBXBuildFile; fileRef = 18D4DD0627FBC15100697F43 /* SearchViewController.swift */; };
		18D4DD0C27FBC15400697F43 /* Assets.xcassets in Resources */ = {isa = PBXBuildFile; fileRef = 18D4DD0B27FBC15400697F43 /* Assets.xcassets */; };
		18D4DD0F27FBC15400697F43 /* LaunchScreen.storyboard in Resources */ = {isa = PBXBuildFile; fileRef = 18D4DD0D27FBC15400697F43 /* LaunchScreen.storyboard */; };
		18D4DD1E27FBCBEB00697F43 /* URLSessionService.swift in Sources */ = {isa = PBXBuildFile; fileRef = 18D4DD1D27FBCBEB00697F43 /* URLSessionService.swift */; };
		18D4DD2827FBDE7500697F43 /* URLSessionNetworkService.swift in Sources */ = {isa = PBXBuildFile; fileRef = 18D4DD2727FBDE7500697F43 /* URLSessionNetworkService.swift */; };
		18D4DD2E27FBDFD400697F43 /* DefaultWeatherRepository.swift in Sources */ = {isa = PBXBuildFile; fileRef = 18D4DD2D27FBDFD400697F43 /* DefaultWeatherRepository.swift */; };
		18D4DD3127FBE03000697F43 /* WeatherRepository.swift in Sources */ = {isa = PBXBuildFile; fileRef = 18D4DD3027FBE03000697F43 /* WeatherRepository.swift */; };
		18D4DD3327FBE1EE00697F43 /* CitySearchRepository.swift in Sources */ = {isa = PBXBuildFile; fileRef = 18D4DD3227FBE1EE00697F43 /* CitySearchRepository.swift */; };
		18D4DD3527FBE20F00697F43 /* DefaultCitySearchRepository.swift in Sources */ = {isa = PBXBuildFile; fileRef = 18D4DD3427FBE20F00697F43 /* DefaultCitySearchRepository.swift */; };
		18D4DD3727FBE2B800697F43 /* City.swift in Sources */ = {isa = PBXBuildFile; fileRef = 18D4DD3627FBE2B800697F43 /* City.swift */; };
		18D4DD3B27FBF84B00697F43 /* SearchViewModel.swift in Sources */ = {isa = PBXBuildFile; fileRef = 18D4DD3A27FBF84B00697F43 /* SearchViewModel.swift */; };
		18D4DD3D27FBF87E00697F43 /* CitySearchUseCase.swift in Sources */ = {isa = PBXBuildFile; fileRef = 18D4DD3C27FBF87E00697F43 /* CitySearchUseCase.swift */; };
		18D4DD3F27FBF91900697F43 /* SearchViewCoordinator.swift in Sources */ = {isa = PBXBuildFile; fileRef = 18D4DD3E27FBF91900697F43 /* SearchViewCoordinator.swift */; };
		18D4DD4227FBFA5700697F43 /* DetailWeatherFetchUseCase.swift in Sources */ = {isa = PBXBuildFile; fileRef = 18D4DD4127FBFA5700697F43 /* DetailWeatherFetchUseCase.swift */; };
		18D4DD4627FBFBD300697F43 /* ListTableViewCell.swift in Sources */ = {isa = PBXBuildFile; fileRef = 18D4DD4527FBFBD300697F43 /* ListTableViewCell.swift */; };
		18D4DD4D27FC0C5A00697F43 /* DetailShowViewController.swift in Sources */ = {isa = PBXBuildFile; fileRef = 18D4DD4C27FC0C5A00697F43 /* DetailShowViewController.swift */; };
		18D4DD4F27FC0C7500697F43 /* DetailWeatherViewModel.swift in Sources */ = {isa = PBXBuildFile; fileRef = 18D4DD4E27FC0C7500697F43 /* DetailWeatherViewModel.swift */; };
		18D77A2A280CF6C9002CED15 /* CitySearchUseCaseTests.swift in Sources */ = {isa = PBXBuildFile; fileRef = 18D77A29280CF6C8002CED15 /* CitySearchUseCaseTests.swift */; };
		18D77A2E280CF740002CED15 /* DetailShowUseCaseTests.swift in Sources */ = {isa = PBXBuildFile; fileRef = 18D77A2D280CF740002CED15 /* DetailShowUseCaseTests.swift */; };
		18D77A30280CF74F002CED15 /* ImageCacheUseCaseTests.swift in Sources */ = {isa = PBXBuildFile; fileRef = 18D77A2F280CF74F002CED15 /* ImageCacheUseCaseTests.swift */; };
		18D77A32280CF764002CED15 /* AddressSearchUseCaseTests.swift in Sources */ = {isa = PBXBuildFile; fileRef = 18D77A31280CF764002CED15 /* AddressSearchUseCaseTests.swift */; };
		18D7B1EF27FFC9330077119A /* ImageCacheUseCase.swift in Sources */ = {isa = PBXBuildFile; fileRef = 18D7B1EE27FFC9330077119A /* ImageCacheUseCase.swift */; };
		18D7B1F127FFC9590077119A /* ImageProvideRepository.swift in Sources */ = {isa = PBXBuildFile; fileRef = 18D7B1F027FFC9590077119A /* ImageProvideRepository.swift */; };
		18D7B1F327FFC9830077119A /* DefaultImageProvideRepository.swift in Sources */ = {isa = PBXBuildFile; fileRef = 18D7B1F227FFC9830077119A /* DefaultImageProvideRepository.swift */; };
		18D7BE1328243F3500176968 /* LikeCityCoordinator.swift in Sources */ = {isa = PBXBuildFile; fileRef = 18D7BE1228243F3500176968 /* LikeCityCoordinator.swift */; };
		18D7BE1528243F6300176968 /* LikeCityViewModel.swift in Sources */ = {isa = PBXBuildFile; fileRef = 18D7BE1428243F6300176968 /* LikeCityViewModel.swift */; };
		18D7BE1728243F8200176968 /* LikeCityViewController.swift in Sources */ = {isa = PBXBuildFile; fileRef = 18D7BE1628243F8200176968 /* LikeCityViewController.swift */; };
		18DABF93283CB5100029E9AA /* Nimble in Frameworks */ = {isa = PBXBuildFile; productRef = 18DABF92283CB5100029E9AA /* Nimble */; };
		18DABF96283CB5950029E9AA /* RxNimble in Frameworks */ = {isa = PBXBuildFile; productRef = 18DABF95283CB5950029E9AA /* RxNimble */; };
		18DB59EB283E077900EB5190 /* CitySearchViewModelTests.swift in Sources */ = {isa = PBXBuildFile; fileRef = 18DB59EA283E077900EB5190 /* CitySearchViewModelTests.swift */; };
		18DB59ED283E07B300EB5190 /* DetailShowViewModelTests.swift in Sources */ = {isa = PBXBuildFile; fileRef = 18DB59EC283E07B300EB5190 /* DetailShowViewModelTests.swift */; };
		18DB59EF283E07D700EB5190 /* CurrentLocationViewModelTests.swift in Sources */ = {isa = PBXBuildFile; fileRef = 18DB59EE283E07D700EB5190 /* CurrentLocationViewModelTests.swift */; };
		18DB59F1283E07EA00EB5190 /* LikeCityViewModelTests.swift in Sources */ = {isa = PBXBuildFile; fileRef = 18DB59F0283E07EA00EB5190 /* LikeCityViewModelTests.swift */; };
		18DDE2F62807E553000775FB /* DateFormatter.swift in Sources */ = {isa = PBXBuildFile; fileRef = 18DDE2F52807E553000775FB /* DateFormatter.swift */; };
		18DEE319281A6099006A82E8 /* String + Extension.swift in Sources */ = {isa = PBXBuildFile; fileRef = 18DEE318281A6099006A82E8 /* String + Extension.swift */; };
		18DEE31D281A6C01006A82E8 /* Localizable.strings in Resources */ = {isa = PBXBuildFile; fileRef = 18DEE31F281A6C01006A82E8 /* Localizable.strings */; };
		18DF78FE282040810073F83B /* AppCoordinator.swift in Sources */ = {isa = PBXBuildFile; fileRef = 18DF78FD282040810073F83B /* AppCoordinator.swift */; };
		18DF7900282040FA0073F83B /* Coordinator.swift in Sources */ = {isa = PBXBuildFile; fileRef = 18DF78FF282040FA0073F83B /* Coordinator.swift */; };
		18E00263280E77BD00C63E71 /* MockAPIService.swift in Sources */ = {isa = PBXBuildFile; fileRef = 18E00262280E77BD00C63E71 /* MockAPIService.swift */; };
		18E00265280E7D8400C63E71 /* LocationManager.swift in Sources */ = {isa = PBXBuildFile; fileRef = 18E00264280E7D8400C63E71 /* LocationManager.swift */; };
		18E1C6B02836636A000E4433 /* Double+Extension.swift in Sources */ = {isa = PBXBuildFile; fileRef = 18E1C6AF2836636A000E4433 /* Double+Extension.swift */; };
		18E1C6B22836637A000E4433 /* Int+Extension.swift in Sources */ = {isa = PBXBuildFile; fileRef = 18E1C6B12836637A000E4433 /* Int+Extension.swift */; };
		18E30DA928105422005AEF96 /* RxCocoa in Frameworks */ = {isa = PBXBuildFile; productRef = 18E30DA828105422005AEF96 /* RxCocoa */; };
		18E30DAB28105422005AEF96 /* RxRelay in Frameworks */ = {isa = PBXBuildFile; productRef = 18E30DAA28105422005AEF96 /* RxRelay */; };
		18E30DAD28105422005AEF96 /* RxSwift in Frameworks */ = {isa = PBXBuildFile; productRef = 18E30DAC28105422005AEF96 /* RxSwift */; };
/* End PBXBuildFile section */

/* Begin PBXContainerItemProxy section */
		18E07785280B086B00CC17F2 /* PBXContainerItemProxy */ = {
			isa = PBXContainerItemProxy;
			containerPortal = 18D4DCF727FBC15100697F43 /* Project object */;
			proxyType = 1;
			remoteGlobalIDString = 18D4DCFE27FBC15100697F43;
			remoteInfo = ChildOfWeather;
		};
/* End PBXContainerItemProxy section */

/* Begin PBXFileReference section */
		180650EB2803BFDB005E9F0E /* TodayWeather.swift */ = {isa = PBXFileReference; lastKnownFileType = sourcecode.swift; path = TodayWeather.swift; sourceTree = "<group>"; };
		180650ED28050B02005E9F0E /* WeatherInformation + Mapping.swift */ = {isa = PBXFileReference; lastKnownFileType = sourcecode.swift; path = "WeatherInformation + Mapping.swift"; sourceTree = "<group>"; };
		180650F4280515E2005E9F0E /* Country.swift */ = {isa = PBXFileReference; lastKnownFileType = sourcecode.swift; path = Country.swift; sourceTree = "<group>"; };
		180650FA2805AA23005E9F0E /* CacheService.swift */ = {isa = PBXFileReference; lastKnownFileType = sourcecode.swift; path = CacheService.swift; sourceTree = "<group>"; };
		180650FC2805B0F9005E9F0E /* ImageCacheData.swift */ = {isa = PBXFileReference; lastKnownFileType = sourcecode.swift; path = ImageCacheData.swift; sourceTree = "<group>"; };
		18A4F1D02830E24500B75E4C /* APIRequest.swift */ = {isa = PBXFileReference; lastKnownFileType = sourcecode.swift; path = APIRequest.swift; sourceTree = "<group>"; };
		18A4F1D32830E27F00B75E4C /* QueryParameters.swift */ = {isa = PBXFileReference; lastKnownFileType = sourcecode.swift; path = QueryParameters.swift; sourceTree = "<group>"; };
		18A4F1D62830E2D000B75E4C /* CoordinateWeatherRequest.swift */ = {isa = PBXFileReference; lastKnownFileType = sourcecode.swift; path = CoordinateWeatherRequest.swift; sourceTree = "<group>"; };
		18A4F1D82830E3E900B75E4C /* URLSessionService+Rx.swift */ = {isa = PBXFileReference; lastKnownFileType = sourcecode.swift; path = "URLSessionService+Rx.swift"; sourceTree = "<group>"; };
		18A4F1DB2830E77A00B75E4C /* CityWeatherRequest.swift */ = {isa = PBXFileReference; lastKnownFileType = sourcecode.swift; path = CityWeatherRequest.swift; sourceTree = "<group>"; };
		18A6FA952824432C00CFF151 /* CityCollectionCellViewModel.swift */ = {isa = PBXFileReference; lastKnownFileType = sourcecode.swift; path = CityCollectionCellViewModel.swift; sourceTree = "<group>"; };
		18A6FA97282443DF00CFF151 /* CityCollectionViewCell.swift */ = {isa = PBXFileReference; lastKnownFileType = sourcecode.swift; path = CityCollectionViewCell.swift; sourceTree = "<group>"; };
		18C9297A2821410400350B96 /* CurrentLocationViewController.swift */ = {isa = PBXFileReference; lastKnownFileType = sourcecode.swift; path = CurrentLocationViewController.swift; sourceTree = "<group>"; };
		18C9297C2821412400350B96 /* CurrentLocationViewModel.swift */ = {isa = PBXFileReference; lastKnownFileType = sourcecode.swift; path = CurrentLocationViewModel.swift; sourceTree = "<group>"; };
		18C9297E2821413800350B96 /* CurrentLocationCoordinator.swift */ = {isa = PBXFileReference; lastKnownFileType = sourcecode.swift; path = CurrentLocationCoordinator.swift; sourceTree = "<group>"; };
		18C92980282159AE00350B96 /* RxCocoa + Extension.swift */ = {isa = PBXFileReference; lastKnownFileType = sourcecode.swift; path = "RxCocoa + Extension.swift"; sourceTree = "<group>"; };
		18CE9DE0282ED3A1005ECC81 /* Image+Extension.swift */ = {isa = PBXFileReference; lastKnownFileType = sourcecode.swift; path = "Image+Extension.swift"; sourceTree = "<group>"; };
		18CF32772847C0EF006482C5 /* Operators.swift */ = {isa = PBXFileReference; lastKnownFileType = sourcecode.swift; path = Operators.swift; sourceTree = "<group>"; };
		18D4DCFF27FBC15100697F43 /* ChildOfWeather.app */ = {isa = PBXFileReference; explicitFileType = wrapper.application; includeInIndex = 0; path = ChildOfWeather.app; sourceTree = BUILT_PRODUCTS_DIR; };
		18D4DD0227FBC15100697F43 /* AppDelegate.swift */ = {isa = PBXFileReference; lastKnownFileType = sourcecode.swift; path = AppDelegate.swift; sourceTree = "<group>"; };
		18D4DD0427FBC15100697F43 /* SceneDelegate.swift */ = {isa = PBXFileReference; lastKnownFileType = sourcecode.swift; path = SceneDelegate.swift; sourceTree = "<group>"; };
		18D4DD0627FBC15100697F43 /* SearchViewController.swift */ = {isa = PBXFileReference; lastKnownFileType = sourcecode.swift; path = SearchViewController.swift; sourceTree = "<group>"; };
		18D4DD0B27FBC15400697F43 /* Assets.xcassets */ = {isa = PBXFileReference; lastKnownFileType = folder.assetcatalog; path = Assets.xcassets; sourceTree = "<group>"; };
		18D4DD0E27FBC15400697F43 /* Base */ = {isa = PBXFileReference; lastKnownFileType = file.storyboard; name = Base; path = Base.lproj/LaunchScreen.storyboard; sourceTree = "<group>"; };
		18D4DD1027FBC15400697F43 /* Info.plist */ = {isa = PBXFileReference; lastKnownFileType = text.plist.xml; path = Info.plist; sourceTree = "<group>"; };
		18D4DD1D27FBCBEB00697F43 /* URLSessionService.swift */ = {isa = PBXFileReference; lastKnownFileType = sourcecode.swift; path = URLSessionService.swift; sourceTree = "<group>"; };
		18D4DD2727FBDE7500697F43 /* URLSessionNetworkService.swift */ = {isa = PBXFileReference; lastKnownFileType = sourcecode.swift; path = URLSessionNetworkService.swift; sourceTree = "<group>"; };
		18D4DD2D27FBDFD400697F43 /* DefaultWeatherRepository.swift */ = {isa = PBXFileReference; lastKnownFileType = sourcecode.swift; path = DefaultWeatherRepository.swift; sourceTree = "<group>"; };
		18D4DD3027FBE03000697F43 /* WeatherRepository.swift */ = {isa = PBXFileReference; lastKnownFileType = sourcecode.swift; path = WeatherRepository.swift; sourceTree = "<group>"; };
		18D4DD3227FBE1EE00697F43 /* CitySearchRepository.swift */ = {isa = PBXFileReference; lastKnownFileType = sourcecode.swift; path = CitySearchRepository.swift; sourceTree = "<group>"; };
		18D4DD3427FBE20F00697F43 /* DefaultCitySearchRepository.swift */ = {isa = PBXFileReference; lastKnownFileType = sourcecode.swift; path = DefaultCitySearchRepository.swift; sourceTree = "<group>"; };
		18D4DD3627FBE2B800697F43 /* City.swift */ = {isa = PBXFileReference; lastKnownFileType = sourcecode.swift; path = City.swift; sourceTree = "<group>"; };
		18D4DD3A27FBF84B00697F43 /* SearchViewModel.swift */ = {isa = PBXFileReference; lastKnownFileType = sourcecode.swift; path = SearchViewModel.swift; sourceTree = "<group>"; };
		18D4DD3C27FBF87E00697F43 /* CitySearchUseCase.swift */ = {isa = PBXFileReference; lastKnownFileType = sourcecode.swift; path = CitySearchUseCase.swift; sourceTree = "<group>"; };
		18D4DD3E27FBF91900697F43 /* SearchViewCoordinator.swift */ = {isa = PBXFileReference; lastKnownFileType = sourcecode.swift; path = SearchViewCoordinator.swift; sourceTree = "<group>"; };
		18D4DD4127FBFA5700697F43 /* DetailWeatherFetchUseCase.swift */ = {isa = PBXFileReference; lastKnownFileType = sourcecode.swift; path = DetailWeatherFetchUseCase.swift; sourceTree = "<group>"; };
		18D4DD4527FBFBD300697F43 /* ListTableViewCell.swift */ = {isa = PBXFileReference; lastKnownFileType = sourcecode.swift; path = ListTableViewCell.swift; sourceTree = "<group>"; };
		18D4DD4C27FC0C5A00697F43 /* DetailShowViewController.swift */ = {isa = PBXFileReference; lastKnownFileType = sourcecode.swift; path = DetailShowViewController.swift; sourceTree = "<group>"; };
		18D4DD4E27FC0C7500697F43 /* DetailWeatherViewModel.swift */ = {isa = PBXFileReference; lastKnownFileType = sourcecode.swift; path = DetailWeatherViewModel.swift; sourceTree = "<group>"; };
		18D77A29280CF6C8002CED15 /* CitySearchUseCaseTests.swift */ = {isa = PBXFileReference; lastKnownFileType = sourcecode.swift; path = CitySearchUseCaseTests.swift; sourceTree = "<group>"; };
		18D77A2D280CF740002CED15 /* DetailShowUseCaseTests.swift */ = {isa = PBXFileReference; lastKnownFileType = sourcecode.swift; path = DetailShowUseCaseTests.swift; sourceTree = "<group>"; };
		18D77A2F280CF74F002CED15 /* ImageCacheUseCaseTests.swift */ = {isa = PBXFileReference; lastKnownFileType = sourcecode.swift; path = ImageCacheUseCaseTests.swift; sourceTree = "<group>"; };
		18D77A31280CF764002CED15 /* AddressSearchUseCaseTests.swift */ = {isa = PBXFileReference; lastKnownFileType = sourcecode.swift; path = AddressSearchUseCaseTests.swift; sourceTree = "<group>"; };
		18D7B1EE27FFC9330077119A /* ImageCacheUseCase.swift */ = {isa = PBXFileReference; lastKnownFileType = sourcecode.swift; path = ImageCacheUseCase.swift; sourceTree = "<group>"; };
		18D7B1F027FFC9590077119A /* ImageProvideRepository.swift */ = {isa = PBXFileReference; lastKnownFileType = sourcecode.swift; path = ImageProvideRepository.swift; sourceTree = "<group>"; };
		18D7B1F227FFC9830077119A /* DefaultImageProvideRepository.swift */ = {isa = PBXFileReference; lastKnownFileType = sourcecode.swift; path = DefaultImageProvideRepository.swift; sourceTree = "<group>"; };
		18D7BE1228243F3500176968 /* LikeCityCoordinator.swift */ = {isa = PBXFileReference; lastKnownFileType = sourcecode.swift; path = LikeCityCoordinator.swift; sourceTree = "<group>"; };
		18D7BE1428243F6300176968 /* LikeCityViewModel.swift */ = {isa = PBXFileReference; lastKnownFileType = sourcecode.swift; path = LikeCityViewModel.swift; sourceTree = "<group>"; };
		18D7BE1628243F8200176968 /* LikeCityViewController.swift */ = {isa = PBXFileReference; lastKnownFileType = sourcecode.swift; path = LikeCityViewController.swift; sourceTree = "<group>"; };
		18DB59EA283E077900EB5190 /* CitySearchViewModelTests.swift */ = {isa = PBXFileReference; lastKnownFileType = sourcecode.swift; path = CitySearchViewModelTests.swift; sourceTree = "<group>"; };
		18DB59EC283E07B300EB5190 /* DetailShowViewModelTests.swift */ = {isa = PBXFileReference; lastKnownFileType = sourcecode.swift; path = DetailShowViewModelTests.swift; sourceTree = "<group>"; };
		18DB59EE283E07D700EB5190 /* CurrentLocationViewModelTests.swift */ = {isa = PBXFileReference; lastKnownFileType = sourcecode.swift; path = CurrentLocationViewModelTests.swift; sourceTree = "<group>"; };
		18DB59F0283E07EA00EB5190 /* LikeCityViewModelTests.swift */ = {isa = PBXFileReference; lastKnownFileType = sourcecode.swift; path = LikeCityViewModelTests.swift; sourceTree = "<group>"; };
		18DDE2F52807E553000775FB /* DateFormatter.swift */ = {isa = PBXFileReference; lastKnownFileType = sourcecode.swift; path = DateFormatter.swift; sourceTree = "<group>"; };
		18DEE318281A6099006A82E8 /* String + Extension.swift */ = {isa = PBXFileReference; lastKnownFileType = sourcecode.swift; path = "String + Extension.swift"; sourceTree = "<group>"; };
		18DEE31E281A6C01006A82E8 /* en */ = {isa = PBXFileReference; lastKnownFileType = text.plist.strings; name = en; path = en.lproj/Localizable.strings; sourceTree = "<group>"; };
		18DEE320281A6C2C006A82E8 /* ko */ = {isa = PBXFileReference; lastKnownFileType = text.plist.strings; name = ko; path = ko.lproj/Localizable.strings; sourceTree = "<group>"; };
		18DF78FD282040810073F83B /* AppCoordinator.swift */ = {isa = PBXFileReference; lastKnownFileType = sourcecode.swift; path = AppCoordinator.swift; sourceTree = "<group>"; };
		18DF78FF282040FA0073F83B /* Coordinator.swift */ = {isa = PBXFileReference; lastKnownFileType = sourcecode.swift; path = Coordinator.swift; sourceTree = "<group>"; };
		18E00262280E77BD00C63E71 /* MockAPIService.swift */ = {isa = PBXFileReference; lastKnownFileType = sourcecode.swift; path = MockAPIService.swift; sourceTree = "<group>"; };
		18E00264280E7D8400C63E71 /* LocationManager.swift */ = {isa = PBXFileReference; lastKnownFileType = sourcecode.swift; path = LocationManager.swift; sourceTree = "<group>"; };
		18E07781280B086B00CC17F2 /* ChildOfWeatherTests.xctest */ = {isa = PBXFileReference; explicitFileType = wrapper.cfbundle; includeInIndex = 0; path = ChildOfWeatherTests.xctest; sourceTree = BUILT_PRODUCTS_DIR; };
		18E1C6AF2836636A000E4433 /* Double+Extension.swift */ = {isa = PBXFileReference; lastKnownFileType = sourcecode.swift; path = "Double+Extension.swift"; sourceTree = "<group>"; };
		18E1C6B12836637A000E4433 /* Int+Extension.swift */ = {isa = PBXFileReference; lastKnownFileType = sourcecode.swift; path = "Int+Extension.swift"; sourceTree = "<group>"; };
/* End PBXFileReference section */

/* Begin PBXFrameworksBuildPhase section */
		18D4DCFC27FBC15100697F43 /* Frameworks */ = {
			isa = PBXFrameworksBuildPhase;
			buildActionMask = 2147483647;
			files = (
				18E30DAD28105422005AEF96 /* RxSwift in Frameworks */,
				18E30DAB28105422005AEF96 /* RxRelay in Frameworks */,
				18E30DA928105422005AEF96 /* RxCocoa in Frameworks */,
			);
			runOnlyForDeploymentPostprocessing = 0;
		};
		18E0777E280B086B00CC17F2 /* Frameworks */ = {
			isa = PBXFrameworksBuildPhase;
			buildActionMask = 2147483647;
			files = (
				18DABF93283CB5100029E9AA /* Nimble in Frameworks */,
				18DABF96283CB5950029E9AA /* RxNimble in Frameworks */,
			);
			runOnlyForDeploymentPostprocessing = 0;
		};
/* End PBXFrameworksBuildPhase section */

/* Begin PBXGroup section */
		180650EF28050B0A005E9F0E /* Entitiy */ = {
			isa = PBXGroup;
			children = (
				180650ED28050B02005E9F0E /* WeatherInformation + Mapping.swift */,
			);
			path = Entitiy;
			sourceTree = "<group>";
		};
		180650F6280599AF005E9F0E /* Utils */ = {
			isa = PBXGroup;
			children = (
				18DDE2F52807E553000775FB /* DateFormatter.swift */,
				18E00264280E7D8400C63E71 /* LocationManager.swift */,
			);
			path = Utils;
			sourceTree = "<group>";
		};
		180650F92805AA12005E9F0E /* Utils */ = {
			isa = PBXGroup;
			children = (
				180650FC2805B0F9005E9F0E /* ImageCacheData.swift */,
			);
			path = Utils;
			sourceTree = "<group>";
		};
		180650FE2805B7A0005E9F0E /* Cache */ = {
			isa = PBXGroup;
			children = (
				180650FA2805AA23005E9F0E /* CacheService.swift */,
			);
			path = Cache;
			sourceTree = "<group>";
		};
		18A4F1D22830E26E00B75E4C /* APIEndPoints */ = {
			isa = PBXGroup;
			children = (
				18A4F1D02830E24500B75E4C /* APIRequest.swift */,
				18A4F1D32830E27F00B75E4C /* QueryParameters.swift */,
			);
			path = APIEndPoints;
			sourceTree = "<group>";
		};
		18A4F1D52830E2B600B75E4C /* CoordinateWeatherRequest */ = {
			isa = PBXGroup;
			children = (
				18A4F1D62830E2D000B75E4C /* CoordinateWeatherRequest.swift */,
			);
			path = CoordinateWeatherRequest;
			sourceTree = "<group>";
		};
		18A4F1DA2830E75500B75E4C /* CityWeatherRequest */ = {
			isa = PBXGroup;
			children = (
				18A4F1DB2830E77A00B75E4C /* CityWeatherRequest.swift */,
			);
			path = CityWeatherRequest;
			sourceTree = "<group>";
		};
		18C929742821409F00350B96 /* CurrentLocationView */ = {
			isa = PBXGroup;
			children = (
				18C92977282140D000350B96 /* Coordinator */,
				18C92976282140CB00350B96 /* ViewController */,
				18C92975282140C300350B96 /* ViewModel */,
			);
			path = CurrentLocationView;
			sourceTree = "<group>";
		};
		18C92975282140C300350B96 /* ViewModel */ = {
			isa = PBXGroup;
			children = (
				18C9297C2821412400350B96 /* CurrentLocationViewModel.swift */,
			);
			path = ViewModel;
			sourceTree = "<group>";
		};
		18C92976282140CB00350B96 /* ViewController */ = {
			isa = PBXGroup;
			children = (
				18C9297A2821410400350B96 /* CurrentLocationViewController.swift */,
			);
			path = ViewController;
			sourceTree = "<group>";
		};
		18C92977282140D000350B96 /* Coordinator */ = {
			isa = PBXGroup;
			children = (
				18C9297E2821413800350B96 /* CurrentLocationCoordinator.swift */,
			);
			path = Coordinator;
			sourceTree = "<group>";
		};
		18C92982282176A600350B96 /* Coordinator */ = {
			isa = PBXGroup;
			children = (
				18D4DD3E27FBF91900697F43 /* SearchViewCoordinator.swift */,
			);
			path = Coordinator;
			sourceTree = "<group>";
		};
		18D11CD6280C0D24006D8701 /* TestDouble */ = {
			isa = PBXGroup;
			children = (
				18E00262280E77BD00C63E71 /* MockAPIService.swift */,
				18CF32772847C0EF006482C5 /* Operators.swift */,
			);
			path = TestDouble;
			sourceTree = "<group>";
		};
		18D4DCF627FBC15100697F43 = {
			isa = PBXGroup;
			children = (
				18D4DD0127FBC15100697F43 /* ChildOfWeather */,
				18E07782280B086B00CC17F2 /* ChildOfWeatherTests */,
				18D4DD0027FBC15100697F43 /* Products */,
				18E30DB028119976005AEF96 /* Frameworks */,
			);
			sourceTree = "<group>";
		};
		18D4DD0027FBC15100697F43 /* Products */ = {
			isa = PBXGroup;
			children = (
				18D4DCFF27FBC15100697F43 /* ChildOfWeather.app */,
				18E07781280B086B00CC17F2 /* ChildOfWeatherTests.xctest */,
			);
			name = Products;
			sourceTree = "<group>";
		};
		18D4DD0127FBC15100697F43 /* ChildOfWeather */ = {
			isa = PBXGroup;
			children = (
				18D4DD1727FBC32E00697F43 /* Core */,
				18D4DD1F27FBCE4D00697F43 /* NetWork */,
				180650FE2805B7A0005E9F0E /* Cache */,
				18D4DD1A27FBC34E00697F43 /* Data */,
				18D4DD1827FBC33500697F43 /* Domain */,
				18D4DD1927FBC34300697F43 /* Presentation */,
				180650F6280599AF005E9F0E /* Utils */,
				18DEE31A281A6BCA006A82E8 /* Localization */,
				18D4DD0B27FBC15400697F43 /* Assets.xcassets */,
				18D4DD0D27FBC15400697F43 /* LaunchScreen.storyboard */,
				18D4DD1027FBC15400697F43 /* Info.plist */,
			);
			path = ChildOfWeather;
			sourceTree = "<group>";
		};
		18D4DD1727FBC32E00697F43 /* Core */ = {
			isa = PBXGroup;
			children = (
				18D4DD0227FBC15100697F43 /* AppDelegate.swift */,
				18D4DD0427FBC15100697F43 /* SceneDelegate.swift */,
			);
			path = Core;
			sourceTree = "<group>";
		};
		18D4DD1827FBC33500697F43 /* Domain */ = {
			isa = PBXGroup;
			children = (
				180650F92805AA12005E9F0E /* Utils */,
				18D4DD2F27FBDFED00697F43 /* RepositoryInterface */,
				18D4DD2A27FBDF7100697F43 /* Models */,
				18D4DD2B27FBDF7600697F43 /* UseCase */,
			);
			path = Domain;
			sourceTree = "<group>";
		};
		18D4DD1927FBC34300697F43 /* Presentation */ = {
			isa = PBXGroup;
			children = (
				18D4DD4027FBF9B400697F43 /* Coordinator */,
				18D4DD2227FBD00800697F43 /* SearchView */,
				18D4DD4927FC0BFC00697F43 /* DetailView */,
				18D7BE0D28240AC200176968 /* LikeCityView */,
				18C929742821409F00350B96 /* CurrentLocationView */,
				18DEE317281A6083006A82E8 /* Extension */,
			);
			path = Presentation;
			sourceTree = "<group>";
		};
		18D4DD1A27FBC34E00697F43 /* Data */ = {
			isa = PBXGroup;
			children = (
				180650EF28050B0A005E9F0E /* Entitiy */,
				18D4DD2927FBDF4B00697F43 /* Repository */,
			);
			path = Data;
			sourceTree = "<group>";
		};
		18D4DD1F27FBCE4D00697F43 /* NetWork */ = {
			isa = PBXGroup;
			children = (
				18D4DD1D27FBCBEB00697F43 /* URLSessionService.swift */,
				18A4F1D82830E3E900B75E4C /* URLSessionService+Rx.swift */,
				18A4F1DA2830E75500B75E4C /* CityWeatherRequest */,
				18A4F1D52830E2B600B75E4C /* CoordinateWeatherRequest */,
				18A4F1D22830E26E00B75E4C /* APIEndPoints */,
				18D4DD2C27FBDF8E00697F43 /* Protocol */,
			);
			path = NetWork;
			sourceTree = "<group>";
		};
		18D4DD2227FBD00800697F43 /* SearchView */ = {
			isa = PBXGroup;
			children = (
				18C92982282176A600350B96 /* Coordinator */,
				18D4DD3827FBF82E00697F43 /* View */,
				18D4DD3927FBF83600697F43 /* ViewModel */,
			);
			path = SearchView;
			sourceTree = "<group>";
		};
		18D4DD2927FBDF4B00697F43 /* Repository */ = {
			isa = PBXGroup;
			children = (
				18D4DD2D27FBDFD400697F43 /* DefaultWeatherRepository.swift */,
				18D4DD3427FBE20F00697F43 /* DefaultCitySearchRepository.swift */,
				18D7B1F227FFC9830077119A /* DefaultImageProvideRepository.swift */,
			);
			path = Repository;
			sourceTree = "<group>";
		};
		18D4DD2A27FBDF7100697F43 /* Models */ = {
			isa = PBXGroup;
			children = (
				18D4DD3627FBE2B800697F43 /* City.swift */,
				180650EB2803BFDB005E9F0E /* TodayWeather.swift */,
				180650F4280515E2005E9F0E /* Country.swift */,
			);
			path = Models;
			sourceTree = "<group>";
		};
		18D4DD2B27FBDF7600697F43 /* UseCase */ = {
			isa = PBXGroup;
			children = (
				18D4DD3C27FBF87E00697F43 /* CitySearchUseCase.swift */,
				18D4DD4127FBFA5700697F43 /* DetailWeatherFetchUseCase.swift */,
				18D7B1EE27FFC9330077119A /* ImageCacheUseCase.swift */,
			);
			path = UseCase;
			sourceTree = "<group>";
		};
		18D4DD2C27FBDF8E00697F43 /* Protocol */ = {
			isa = PBXGroup;
			children = (
				18D4DD2727FBDE7500697F43 /* URLSessionNetworkService.swift */,
			);
			path = Protocol;
			sourceTree = "<group>";
		};
		18D4DD2F27FBDFED00697F43 /* RepositoryInterface */ = {
			isa = PBXGroup;
			children = (
				18D4DD3027FBE03000697F43 /* WeatherRepository.swift */,
				18D4DD3227FBE1EE00697F43 /* CitySearchRepository.swift */,
				18D7B1F027FFC9590077119A /* ImageProvideRepository.swift */,
			);
			path = RepositoryInterface;
			sourceTree = "<group>";
		};
		18D4DD3827FBF82E00697F43 /* View */ = {
			isa = PBXGroup;
			children = (
				18D4DD0627FBC15100697F43 /* SearchViewController.swift */,
				18D4DD4527FBFBD300697F43 /* ListTableViewCell.swift */,
			);
			path = View;
			sourceTree = "<group>";
		};
		18D4DD3927FBF83600697F43 /* ViewModel */ = {
			isa = PBXGroup;
			children = (
				18D4DD3A27FBF84B00697F43 /* SearchViewModel.swift */,
			);
			path = ViewModel;
			sourceTree = "<group>";
		};
		18D4DD4027FBF9B400697F43 /* Coordinator */ = {
			isa = PBXGroup;
			children = (
				18DF79012820450F0073F83B /* Interface */,
				18DF78FD282040810073F83B /* AppCoordinator.swift */,
			);
			path = Coordinator;
			sourceTree = "<group>";
		};
		18D4DD4927FC0BFC00697F43 /* DetailView */ = {
			isa = PBXGroup;
			children = (
				18D4DD4B27FC0C1F00697F43 /* View */,
				18D4DD4A27FC0C0F00697F43 /* ViewModel */,
			);
			path = DetailView;
			sourceTree = "<group>";
		};
		18D4DD4A27FC0C0F00697F43 /* ViewModel */ = {
			isa = PBXGroup;
			children = (
				18D4DD4E27FC0C7500697F43 /* DetailWeatherViewModel.swift */,
			);
			path = ViewModel;
			sourceTree = "<group>";
		};
		18D4DD4B27FC0C1F00697F43 /* View */ = {
			isa = PBXGroup;
			children = (
				18D4DD4C27FC0C5A00697F43 /* DetailShowViewController.swift */,
			);
			path = View;
			sourceTree = "<group>";
		};
		18D77A33280CFAE2002CED15 /* UseCaseTests */ = {
			isa = PBXGroup;
			children = (
				18D77A29280CF6C8002CED15 /* CitySearchUseCaseTests.swift */,
				18D77A2D280CF740002CED15 /* DetailShowUseCaseTests.swift */,
				18D77A2F280CF74F002CED15 /* ImageCacheUseCaseTests.swift */,
				18D77A31280CF764002CED15 /* AddressSearchUseCaseTests.swift */,
			);
			path = UseCaseTests;
			sourceTree = "<group>";
		};
		18D7BE0D28240AC200176968 /* LikeCityView */ = {
			isa = PBXGroup;
			children = (
				18D7BE1128240B0900176968 /* Coordinator */,
				18D7BE1028240AFA00176968 /* ViewModel */,
				18D7BE0E28240AEC00176968 /* ViewController */,
			);
			path = LikeCityView;
			sourceTree = "<group>";
		};
		18D7BE0E28240AEC00176968 /* ViewController */ = {
			isa = PBXGroup;
			children = (
				18D7BE1628243F8200176968 /* LikeCityViewController.swift */,
				18A6FA97282443DF00CFF151 /* CityCollectionViewCell.swift */,
			);
			path = ViewController;
			sourceTree = "<group>";
		};
		18D7BE1028240AFA00176968 /* ViewModel */ = {
			isa = PBXGroup;
			children = (
				18D7BE1428243F6300176968 /* LikeCityViewModel.swift */,
				18A6FA952824432C00CFF151 /* CityCollectionCellViewModel.swift */,
			);
			path = ViewModel;
			sourceTree = "<group>";
		};
		18D7BE1128240B0900176968 /* Coordinator */ = {
			isa = PBXGroup;
			children = (
				18D7BE1228243F3500176968 /* LikeCityCoordinator.swift */,
			);
			path = Coordinator;
			sourceTree = "<group>";
		};
		18DB59E9283E076700EB5190 /* ViewModelTest */ = {
			isa = PBXGroup;
			children = (
				18DB59EA283E077900EB5190 /* CitySearchViewModelTests.swift */,
				18DB59EC283E07B300EB5190 /* DetailShowViewModelTests.swift */,
				18DB59EE283E07D700EB5190 /* CurrentLocationViewModelTests.swift */,
				18DB59F0283E07EA00EB5190 /* LikeCityViewModelTests.swift */,
			);
			path = ViewModelTest;
			sourceTree = "<group>";
		};
		18DEE317281A6083006A82E8 /* Extension */ = {
			isa = PBXGroup;
			children = (
				18CE9DE0282ED3A1005ECC81 /* Image+Extension.swift */,
				18DEE318281A6099006A82E8 /* String + Extension.swift */,
				18C92980282159AE00350B96 /* RxCocoa + Extension.swift */,
				18E1C6AF2836636A000E4433 /* Double+Extension.swift */,
				18E1C6B12836637A000E4433 /* Int+Extension.swift */,
			);
			path = Extension;
			sourceTree = "<group>";
		};
		18DEE31A281A6BCA006A82E8 /* Localization */ = {
			isa = PBXGroup;
			children = (
				18DEE31F281A6C01006A82E8 /* Localizable.strings */,
			);
			path = Localization;
			sourceTree = "<group>";
		};
		18DF79012820450F0073F83B /* Interface */ = {
			isa = PBXGroup;
			children = (
				18DF78FF282040FA0073F83B /* Coordinator.swift */,
			);
			path = Interface;
			sourceTree = "<group>";
		};
		18E07782280B086B00CC17F2 /* ChildOfWeatherTests */ = {
			isa = PBXGroup;
			children = (
				18DB59E9283E076700EB5190 /* ViewModelTest */,
				18D11CD6280C0D24006D8701 /* TestDouble */,
				18D77A33280CFAE2002CED15 /* UseCaseTests */,
			);
			path = ChildOfWeatherTests;
			sourceTree = "<group>";
		};
		18E30DB028119976005AEF96 /* Frameworks */ = {
			isa = PBXGroup;
			children = (
			);
			name = Frameworks;
			sourceTree = "<group>";
		};
/* End PBXGroup section */

/* Begin PBXNativeTarget section */
		18D4DCFE27FBC15100697F43 /* ChildOfWeather */ = {
			isa = PBXNativeTarget;
			buildConfigurationList = 18D4DD1327FBC15400697F43 /* Build configuration list for PBXNativeTarget "ChildOfWeather" */;
			buildPhases = (
				18D4DCFB27FBC15100697F43 /* Sources */,
				18D4DCFC27FBC15100697F43 /* Frameworks */,
				18D4DCFD27FBC15100697F43 /* Resources */,
			);
			buildRules = (
			);
			dependencies = (
			);
			name = ChildOfWeather;
			packageProductDependencies = (
				18E30DA828105422005AEF96 /* RxCocoa */,
				18E30DAA28105422005AEF96 /* RxRelay */,
				18E30DAC28105422005AEF96 /* RxSwift */,
			);
			productName = ChildOfWeather;
			productReference = 18D4DCFF27FBC15100697F43 /* ChildOfWeather.app */;
			productType = "com.apple.product-type.application";
		};
		18E07780280B086B00CC17F2 /* ChildOfWeatherTests */ = {
			isa = PBXNativeTarget;
			buildConfigurationList = 18E07789280B086B00CC17F2 /* Build configuration list for PBXNativeTarget "ChildOfWeatherTests" */;
			buildPhases = (
				18E0777D280B086B00CC17F2 /* Sources */,
				18E0777E280B086B00CC17F2 /* Frameworks */,
				18E0777F280B086B00CC17F2 /* Resources */,
			);
			buildRules = (
			);
			dependencies = (
				18E07786280B086B00CC17F2 /* PBXTargetDependency */,
			);
			name = ChildOfWeatherTests;
			packageProductDependencies = (
				18DABF92283CB5100029E9AA /* Nimble */,
				18DABF95283CB5950029E9AA /* RxNimble */,
			);
			productName = ChildOfWeatherTests;
			productReference = 18E07781280B086B00CC17F2 /* ChildOfWeatherTests.xctest */;
			productType = "com.apple.product-type.bundle.unit-test";
		};
/* End PBXNativeTarget section */

/* Begin PBXProject section */
		18D4DCF727FBC15100697F43 /* Project object */ = {
			isa = PBXProject;
			attributes = {
				BuildIndependentTargetsInParallel = 1;
				LastSwiftUpdateCheck = 1330;
				LastUpgradeCheck = 1330;
				TargetAttributes = {
					18D4DCFE27FBC15100697F43 = {
						CreatedOnToolsVersion = 13.3;
					};
					18E07780280B086B00CC17F2 = {
						CreatedOnToolsVersion = 13.3.1;
						TestTargetID = 18D4DCFE27FBC15100697F43;
					};
				};
			};
			buildConfigurationList = 18D4DCFA27FBC15100697F43 /* Build configuration list for PBXProject "ChildOfWeather" */;
			compatibilityVersion = "Xcode 13.0";
			developmentRegion = en;
			hasScannedForEncodings = 0;
			knownRegions = (
				en,
				Base,
				ko,
			);
			mainGroup = 18D4DCF627FBC15100697F43;
			packageReferences = (
				18E30DA728105422005AEF96 /* XCRemoteSwiftPackageReference "RxSwift" */,
				18DABF91283CB5100029E9AA /* XCRemoteSwiftPackageReference "Nimble" */,
				18DABF94283CB5950029E9AA /* XCRemoteSwiftPackageReference "RxNimble" */,
			);
			productRefGroup = 18D4DD0027FBC15100697F43 /* Products */;
			projectDirPath = "";
			projectRoot = "";
			targets = (
				18D4DCFE27FBC15100697F43 /* ChildOfWeather */,
				18E07780280B086B00CC17F2 /* ChildOfWeatherTests */,
			);
		};
/* End PBXProject section */

/* Begin PBXResourcesBuildPhase section */
		18D4DCFD27FBC15100697F43 /* Resources */ = {
			isa = PBXResourcesBuildPhase;
			buildActionMask = 2147483647;
			files = (
				18D4DD0F27FBC15400697F43 /* LaunchScreen.storyboard in Resources */,
				18DEE31D281A6C01006A82E8 /* Localizable.strings in Resources */,
				18D4DD0C27FBC15400697F43 /* Assets.xcassets in Resources */,
			);
			runOnlyForDeploymentPostprocessing = 0;
		};
		18E0777F280B086B00CC17F2 /* Resources */ = {
			isa = PBXResourcesBuildPhase;
			buildActionMask = 2147483647;
			files = (
			);
			runOnlyForDeploymentPostprocessing = 0;
		};
/* End PBXResourcesBuildPhase section */

/* Begin PBXSourcesBuildPhase section */
		18D4DCFB27FBC15100697F43 /* Sources */ = {
			isa = PBXSourcesBuildPhase;
			buildActionMask = 2147483647;
			files = (
				18DDE2F62807E553000775FB /* DateFormatter.swift in Sources */,
				18D7B1F127FFC9590077119A /* ImageProvideRepository.swift in Sources */,
				18D7BE1728243F8200176968 /* LikeCityViewController.swift in Sources */,
				18D7BE1328243F3500176968 /* LikeCityCoordinator.swift in Sources */,
				18DEE319281A6099006A82E8 /* String + Extension.swift in Sources */,
				18C92981282159AE00350B96 /* RxCocoa + Extension.swift in Sources */,
				18A6FA98282443DF00CFF151 /* CityCollectionViewCell.swift in Sources */,
				18D4DD3F27FBF91900697F43 /* SearchViewCoordinator.swift in Sources */,
				18A4F1D12830E24500B75E4C /* APIRequest.swift in Sources */,
				18DF78FE282040810073F83B /* AppCoordinator.swift in Sources */,
				18A4F1D72830E2D000B75E4C /* CoordinateWeatherRequest.swift in Sources */,
				18D4DD2E27FBDFD400697F43 /* DefaultWeatherRepository.swift in Sources */,
				18D7BE1528243F6300176968 /* LikeCityViewModel.swift in Sources */,
				18C9297D2821412400350B96 /* CurrentLocationViewModel.swift in Sources */,
				180650F5280515E2005E9F0E /* Country.swift in Sources */,
				18D4DD3B27FBF84B00697F43 /* SearchViewModel.swift in Sources */,
				18E1C6B02836636A000E4433 /* Double+Extension.swift in Sources */,
				180650EE28050B02005E9F0E /* WeatherInformation + Mapping.swift in Sources */,
				180650FD2805B0F9005E9F0E /* ImageCacheData.swift in Sources */,
				18DF7900282040FA0073F83B /* Coordinator.swift in Sources */,
				18A4F1DC2830E77A00B75E4C /* CityWeatherRequest.swift in Sources */,
				18D4DD3127FBE03000697F43 /* WeatherRepository.swift in Sources */,
				18C9297F2821413800350B96 /* CurrentLocationCoordinator.swift in Sources */,
				18D4DD0727FBC15100697F43 /* SearchViewController.swift in Sources */,
				18D4DD3527FBE20F00697F43 /* DefaultCitySearchRepository.swift in Sources */,
				18D4DD4627FBFBD300697F43 /* ListTableViewCell.swift in Sources */,
				18D4DD0327FBC15100697F43 /* AppDelegate.swift in Sources */,
				18D4DD3327FBE1EE00697F43 /* CitySearchRepository.swift in Sources */,
				18A4F1D42830E27F00B75E4C /* QueryParameters.swift in Sources */,
				18D4DD2827FBDE7500697F43 /* URLSessionNetworkService.swift in Sources */,
				18E00265280E7D8400C63E71 /* LocationManager.swift in Sources */,
				18D4DD4F27FC0C7500697F43 /* DetailWeatherViewModel.swift in Sources */,
				18D4DD4D27FC0C5A00697F43 /* DetailShowViewController.swift in Sources */,
				18D7B1EF27FFC9330077119A /* ImageCacheUseCase.swift in Sources */,
				180650EC2803BFDB005E9F0E /* TodayWeather.swift in Sources */,
				18C9297B2821410400350B96 /* CurrentLocationViewController.swift in Sources */,
				18D4DD1E27FBCBEB00697F43 /* URLSessionService.swift in Sources */,
				180650FB2805AA23005E9F0E /* CacheService.swift in Sources */,
				18CE9DE1282ED3A1005ECC81 /* Image+Extension.swift in Sources */,
				18E1C6B22836637A000E4433 /* Int+Extension.swift in Sources */,
				18D4DD3D27FBF87E00697F43 /* CitySearchUseCase.swift in Sources */,
				18A4F1D92830E3E900B75E4C /* URLSessionService+Rx.swift in Sources */,
				18D4DD0527FBC15100697F43 /* SceneDelegate.swift in Sources */,
				18D4DD3727FBE2B800697F43 /* City.swift in Sources */,
				18D4DD4227FBFA5700697F43 /* DetailWeatherFetchUseCase.swift in Sources */,
				18A6FA962824432C00CFF151 /* CityCollectionCellViewModel.swift in Sources */,
				18D7B1F327FFC9830077119A /* DefaultImageProvideRepository.swift in Sources */,
			);
			runOnlyForDeploymentPostprocessing = 0;
		};
		18E0777D280B086B00CC17F2 /* Sources */ = {
			isa = PBXSourcesBuildPhase;
			buildActionMask = 2147483647;
			files = (
				18D77A2A280CF6C9002CED15 /* CitySearchUseCaseTests.swift in Sources */,
				18CF32782847C0EF006482C5 /* Operators.swift in Sources */,
				18DB59EB283E077900EB5190 /* CitySearchViewModelTests.swift in Sources */,
				18DB59F1283E07EA00EB5190 /* LikeCityViewModelTests.swift in Sources */,
				18DB59ED283E07B300EB5190 /* DetailShowViewModelTests.swift in Sources */,
				18E00263280E77BD00C63E71 /* MockAPIService.swift in Sources */,
				18DB59EF283E07D700EB5190 /* CurrentLocationViewModelTests.swift in Sources */,
				18D77A32280CF764002CED15 /* AddressSearchUseCaseTests.swift in Sources */,
				18D77A30280CF74F002CED15 /* ImageCacheUseCaseTests.swift in Sources */,
				18D77A2E280CF740002CED15 /* DetailShowUseCaseTests.swift in Sources */,
			);
			runOnlyForDeploymentPostprocessing = 0;
		};
/* End PBXSourcesBuildPhase section */

/* Begin PBXTargetDependency section */
		18E07786280B086B00CC17F2 /* PBXTargetDependency */ = {
			isa = PBXTargetDependency;
			target = 18D4DCFE27FBC15100697F43 /* ChildOfWeather */;
			targetProxy = 18E07785280B086B00CC17F2 /* PBXContainerItemProxy */;
		};
/* End PBXTargetDependency section */

/* Begin PBXVariantGroup section */
		18D4DD0D27FBC15400697F43 /* LaunchScreen.storyboard */ = {
			isa = PBXVariantGroup;
			children = (
				18D4DD0E27FBC15400697F43 /* Base */,
			);
			name = LaunchScreen.storyboard;
			sourceTree = "<group>";
		};
		18DEE31F281A6C01006A82E8 /* Localizable.strings */ = {
			isa = PBXVariantGroup;
			children = (
				18DEE31E281A6C01006A82E8 /* en */,
				18DEE320281A6C2C006A82E8 /* ko */,
			);
			name = Localizable.strings;
			sourceTree = "<group>";
		};
/* End PBXVariantGroup section */

/* Begin XCBuildConfiguration section */
		18D4DD1127FBC15400697F43 /* Debug */ = {
			isa = XCBuildConfiguration;
			buildSettings = {
				ALWAYS_SEARCH_USER_PATHS = NO;
				CLANG_ANALYZER_LOCALIZABILITY_NONLOCALIZED = YES;
				CLANG_ANALYZER_NONNULL = YES;
				CLANG_ANALYZER_NUMBER_OBJECT_CONVERSION = YES_AGGRESSIVE;
				CLANG_CXX_LANGUAGE_STANDARD = "gnu++17";
				CLANG_ENABLE_MODULES = YES;
				CLANG_ENABLE_OBJC_ARC = YES;
				CLANG_ENABLE_OBJC_WEAK = YES;
				CLANG_WARN_BLOCK_CAPTURE_AUTORELEASING = YES;
				CLANG_WARN_BOOL_CONVERSION = YES;
				CLANG_WARN_COMMA = YES;
				CLANG_WARN_CONSTANT_CONVERSION = YES;
				CLANG_WARN_DEPRECATED_OBJC_IMPLEMENTATIONS = YES;
				CLANG_WARN_DIRECT_OBJC_ISA_USAGE = YES_ERROR;
				CLANG_WARN_DOCUMENTATION_COMMENTS = YES;
				CLANG_WARN_EMPTY_BODY = YES;
				CLANG_WARN_ENUM_CONVERSION = YES;
				CLANG_WARN_INFINITE_RECURSION = YES;
				CLANG_WARN_INT_CONVERSION = YES;
				CLANG_WARN_NON_LITERAL_NULL_CONVERSION = YES;
				CLANG_WARN_OBJC_IMPLICIT_RETAIN_SELF = YES;
				CLANG_WARN_OBJC_LITERAL_CONVERSION = YES;
				CLANG_WARN_OBJC_ROOT_CLASS = YES_ERROR;
				CLANG_WARN_QUOTED_INCLUDE_IN_FRAMEWORK_HEADER = YES;
				CLANG_WARN_RANGE_LOOP_ANALYSIS = YES;
				CLANG_WARN_STRICT_PROTOTYPES = YES;
				CLANG_WARN_SUSPICIOUS_MOVE = YES;
				CLANG_WARN_UNGUARDED_AVAILABILITY = YES_AGGRESSIVE;
				CLANG_WARN_UNREACHABLE_CODE = YES;
				CLANG_WARN__DUPLICATE_METHOD_MATCH = YES;
				COPY_PHASE_STRIP = NO;
				DEBUG_INFORMATION_FORMAT = dwarf;
				ENABLE_STRICT_OBJC_MSGSEND = YES;
				ENABLE_TESTABILITY = YES;
				ENABLE_TESTING_SEARCH_PATHS = YES;
				GCC_C_LANGUAGE_STANDARD = gnu11;
				GCC_DYNAMIC_NO_PIC = NO;
				GCC_NO_COMMON_BLOCKS = YES;
				GCC_OPTIMIZATION_LEVEL = 0;
				GCC_PREPROCESSOR_DEFINITIONS = (
					"DEBUG=1",
					"$(inherited)",
				);
				GCC_WARN_64_TO_32_BIT_CONVERSION = YES;
				GCC_WARN_ABOUT_RETURN_TYPE = YES_ERROR;
				GCC_WARN_UNDECLARED_SELECTOR = YES;
				GCC_WARN_UNINITIALIZED_AUTOS = YES_AGGRESSIVE;
				GCC_WARN_UNUSED_FUNCTION = YES;
				GCC_WARN_UNUSED_VARIABLE = YES;
				IPHONEOS_DEPLOYMENT_TARGET = 15.0;
				LD_RUNPATH_SEARCH_PATHS = (
					/Applications/Xcode.app/Contents/Developer/Platforms/MacOSX.platform/Developer/usr/lib/,
					/Applications/Xcode.app/Contents/Developer/Platforms/MacOSX.platform/Developer/Library/Frameworks/,
				);
				MTL_ENABLE_DEBUG_INFO = INCLUDE_SOURCE;
				MTL_FAST_MATH = YES;
				ONLY_ACTIVE_ARCH = YES;
				SDKROOT = iphoneos;
				SWIFT_ACTIVE_COMPILATION_CONDITIONS = DEBUG;
				SWIFT_OPTIMIZATION_LEVEL = "-Onone";
			};
			name = Debug;
		};
		18D4DD1227FBC15400697F43 /* Release */ = {
			isa = XCBuildConfiguration;
			buildSettings = {
				ALWAYS_SEARCH_USER_PATHS = NO;
				CLANG_ANALYZER_LOCALIZABILITY_NONLOCALIZED = YES;
				CLANG_ANALYZER_NONNULL = YES;
				CLANG_ANALYZER_NUMBER_OBJECT_CONVERSION = YES_AGGRESSIVE;
				CLANG_CXX_LANGUAGE_STANDARD = "gnu++17";
				CLANG_ENABLE_MODULES = YES;
				CLANG_ENABLE_OBJC_ARC = YES;
				CLANG_ENABLE_OBJC_WEAK = YES;
				CLANG_WARN_BLOCK_CAPTURE_AUTORELEASING = YES;
				CLANG_WARN_BOOL_CONVERSION = YES;
				CLANG_WARN_COMMA = YES;
				CLANG_WARN_CONSTANT_CONVERSION = YES;
				CLANG_WARN_DEPRECATED_OBJC_IMPLEMENTATIONS = YES;
				CLANG_WARN_DIRECT_OBJC_ISA_USAGE = YES_ERROR;
				CLANG_WARN_DOCUMENTATION_COMMENTS = YES;
				CLANG_WARN_EMPTY_BODY = YES;
				CLANG_WARN_ENUM_CONVERSION = YES;
				CLANG_WARN_INFINITE_RECURSION = YES;
				CLANG_WARN_INT_CONVERSION = YES;
				CLANG_WARN_NON_LITERAL_NULL_CONVERSION = YES;
				CLANG_WARN_OBJC_IMPLICIT_RETAIN_SELF = YES;
				CLANG_WARN_OBJC_LITERAL_CONVERSION = YES;
				CLANG_WARN_OBJC_ROOT_CLASS = YES_ERROR;
				CLANG_WARN_QUOTED_INCLUDE_IN_FRAMEWORK_HEADER = YES;
				CLANG_WARN_RANGE_LOOP_ANALYSIS = YES;
				CLANG_WARN_STRICT_PROTOTYPES = YES;
				CLANG_WARN_SUSPICIOUS_MOVE = YES;
				CLANG_WARN_UNGUARDED_AVAILABILITY = YES_AGGRESSIVE;
				CLANG_WARN_UNREACHABLE_CODE = YES;
				CLANG_WARN__DUPLICATE_METHOD_MATCH = YES;
				COPY_PHASE_STRIP = NO;
				DEBUG_INFORMATION_FORMAT = "dwarf-with-dsym";
				ENABLE_NS_ASSERTIONS = NO;
				ENABLE_STRICT_OBJC_MSGSEND = YES;
				ENABLE_TESTING_SEARCH_PATHS = YES;
				GCC_C_LANGUAGE_STANDARD = gnu11;
				GCC_NO_COMMON_BLOCKS = YES;
				GCC_WARN_64_TO_32_BIT_CONVERSION = YES;
				GCC_WARN_ABOUT_RETURN_TYPE = YES_ERROR;
				GCC_WARN_UNDECLARED_SELECTOR = YES;
				GCC_WARN_UNINITIALIZED_AUTOS = YES_AGGRESSIVE;
				GCC_WARN_UNUSED_FUNCTION = YES;
				GCC_WARN_UNUSED_VARIABLE = YES;
				IPHONEOS_DEPLOYMENT_TARGET = 15.0;
				LD_RUNPATH_SEARCH_PATHS = (
					/Applications/Xcode.app/Contents/Developer/Platforms/MacOSX.platform/Developer/usr/lib/,
					/Applications/Xcode.app/Contents/Developer/Platforms/MacOSX.platform/Developer/Library/Frameworks/,
				);
				MTL_ENABLE_DEBUG_INFO = NO;
				MTL_FAST_MATH = YES;
				SDKROOT = iphoneos;
				SWIFT_COMPILATION_MODE = wholemodule;
				SWIFT_OPTIMIZATION_LEVEL = "-O";
				VALIDATE_PRODUCT = YES;
			};
			name = Release;
		};
		18D4DD1427FBC15400697F43 /* Debug */ = {
			isa = XCBuildConfiguration;
			buildSettings = {
				ASSETCATALOG_COMPILER_APPICON_NAME = AppIcon;
				ASSETCATALOG_COMPILER_GLOBAL_ACCENT_COLOR_NAME = AccentColor;
				CODE_SIGN_STYLE = Automatic;
				CURRENT_PROJECT_VERSION = 1;
				ENABLE_TESTING_SEARCH_PATHS = YES;
				GENERATE_INFOPLIST_FILE = YES;
				INFOPLIST_FILE = ChildOfWeather/Info.plist;
				INFOPLIST_KEY_UIApplicationSupportsIndirectInputEvents = YES;
				INFOPLIST_KEY_UILaunchStoryboardName = LaunchScreen;
				INFOPLIST_KEY_UISupportedInterfaceOrientations_iPad = "UIInterfaceOrientationPortrait UIInterfaceOrientationPortraitUpsideDown UIInterfaceOrientationLandscapeLeft UIInterfaceOrientationLandscapeRight";
				INFOPLIST_KEY_UISupportedInterfaceOrientations_iPhone = "UIInterfaceOrientationPortrait UIInterfaceOrientationLandscapeLeft UIInterfaceOrientationLandscapeRight";
				IPHONEOS_DEPLOYMENT_TARGET = 15.0;
				LD_RUNPATH_SEARCH_PATHS = (
					"$(inherited)",
					"@executable_path/Frameworks",
				);
				MARKETING_VERSION = 1.0;
				PRODUCT_BUNDLE_IDENTIFIER = com.yourcompany.test.ChildOfWeather;
				PRODUCT_NAME = "$(TARGET_NAME)";
				SWIFT_EMIT_LOC_STRINGS = YES;
				SWIFT_VERSION = 5.0;
				TARGETED_DEVICE_FAMILY = "1,2";
			};
			name = Debug;
		};
		18D4DD1527FBC15400697F43 /* Release */ = {
			isa = XCBuildConfiguration;
			buildSettings = {
				ASSETCATALOG_COMPILER_APPICON_NAME = AppIcon;
				ASSETCATALOG_COMPILER_GLOBAL_ACCENT_COLOR_NAME = AccentColor;
				CODE_SIGN_STYLE = Automatic;
				CURRENT_PROJECT_VERSION = 1;
				ENABLE_TESTING_SEARCH_PATHS = YES;
				GENERATE_INFOPLIST_FILE = YES;
				INFOPLIST_FILE = ChildOfWeather/Info.plist;
				INFOPLIST_KEY_UIApplicationSupportsIndirectInputEvents = YES;
				INFOPLIST_KEY_UILaunchStoryboardName = LaunchScreen;
				INFOPLIST_KEY_UISupportedInterfaceOrientations_iPad = "UIInterfaceOrientationPortrait UIInterfaceOrientationPortraitUpsideDown UIInterfaceOrientationLandscapeLeft UIInterfaceOrientationLandscapeRight";
				INFOPLIST_KEY_UISupportedInterfaceOrientations_iPhone = "UIInterfaceOrientationPortrait UIInterfaceOrientationLandscapeLeft UIInterfaceOrientationLandscapeRight";
				IPHONEOS_DEPLOYMENT_TARGET = 15.0;
				LD_RUNPATH_SEARCH_PATHS = (
					"$(inherited)",
					"@executable_path/Frameworks",
				);
				MARKETING_VERSION = 1.0;
				PRODUCT_BUNDLE_IDENTIFIER = com.yourcompany.test.ChildOfWeather;
				PRODUCT_NAME = "$(TARGET_NAME)";
				SWIFT_EMIT_LOC_STRINGS = YES;
				SWIFT_VERSION = 5.0;
				TARGETED_DEVICE_FAMILY = "1,2";
			};
			name = Release;
		};
		18E07787280B086B00CC17F2 /* Debug */ = {
			isa = XCBuildConfiguration;
			buildSettings = {
				BUNDLE_LOADER = "$(TEST_HOST)";
				CODE_SIGN_STYLE = Automatic;
				CURRENT_PROJECT_VERSION = 1;
				GENERATE_INFOPLIST_FILE = YES;
				MARKETING_VERSION = 1.0;
				PRODUCT_BUNDLE_IDENTIFIER = com.yourcompany.test.ChildOfWeatherTests;
				PRODUCT_NAME = "$(TARGET_NAME)";
				SWIFT_EMIT_LOC_STRINGS = NO;
				SWIFT_VERSION = 5.0;
				TARGETED_DEVICE_FAMILY = "1,2";
				TEST_HOST = "$(BUILT_PRODUCTS_DIR)/ChildOfWeather.app/ChildOfWeather";
			};
			name = Debug;
		};
		18E07788280B086B00CC17F2 /* Release */ = {
			isa = XCBuildConfiguration;
			buildSettings = {
				BUNDLE_LOADER = "$(TEST_HOST)";
				CODE_SIGN_STYLE = Automatic;
				CURRENT_PROJECT_VERSION = 1;
				GENERATE_INFOPLIST_FILE = YES;
				MARKETING_VERSION = 1.0;
				PRODUCT_BUNDLE_IDENTIFIER = com.yourcompany.test.ChildOfWeatherTests;
				PRODUCT_NAME = "$(TARGET_NAME)";
				SWIFT_EMIT_LOC_STRINGS = NO;
				SWIFT_VERSION = 5.0;
				TARGETED_DEVICE_FAMILY = "1,2";
				TEST_HOST = "$(BUILT_PRODUCTS_DIR)/ChildOfWeather.app/ChildOfWeather";
			};
			name = Release;
		};
/* End XCBuildConfiguration section */

/* Begin XCConfigurationList section */
		18D4DCFA27FBC15100697F43 /* Build configuration list for PBXProject "ChildOfWeather" */ = {
			isa = XCConfigurationList;
			buildConfigurations = (
				18D4DD1127FBC15400697F43 /* Debug */,
				18D4DD1227FBC15400697F43 /* Release */,
			);
			defaultConfigurationIsVisible = 0;
			defaultConfigurationName = Release;
		};
		18D4DD1327FBC15400697F43 /* Build configuration list for PBXNativeTarget "ChildOfWeather" */ = {
			isa = XCConfigurationList;
			buildConfigurations = (
				18D4DD1427FBC15400697F43 /* Debug */,
				18D4DD1527FBC15400697F43 /* Release */,
			);
			defaultConfigurationIsVisible = 0;
			defaultConfigurationName = Release;
		};
		18E07789280B086B00CC17F2 /* Build configuration list for PBXNativeTarget "ChildOfWeatherTests" */ = {
			isa = XCConfigurationList;
			buildConfigurations = (
				18E07787280B086B00CC17F2 /* Debug */,
				18E07788280B086B00CC17F2 /* Release */,
			);
			defaultConfigurationIsVisible = 0;
			defaultConfigurationName = Release;
		};
/* End XCConfigurationList section */

/* Begin XCRemoteSwiftPackageReference section */
		18DABF91283CB5100029E9AA /* XCRemoteSwiftPackageReference "Nimble" */ = {
			isa = XCRemoteSwiftPackageReference;
			repositoryURL = "https://github.com/Quick/Nimble";
			requirement = {
				branch = main;
				kind = branch;
			};
		};
		18DABF94283CB5950029E9AA /* XCRemoteSwiftPackageReference "RxNimble" */ = {
			isa = XCRemoteSwiftPackageReference;
			repositoryURL = "https://github.com/RxSwiftCommunity/RxNimble";
			requirement = {
				branch = master;
				kind = branch;
			};
		};
		18E30DA728105422005AEF96 /* XCRemoteSwiftPackageReference "RxSwift" */ = {
			isa = XCRemoteSwiftPackageReference;
			repositoryURL = "https://github.com/ReactiveX/RxSwift";
			requirement = {
				branch = main;
				kind = branch;
			};
		};
/* End XCRemoteSwiftPackageReference section */

/* Begin XCSwiftPackageProductDependency section */
		18DABF92283CB5100029E9AA /* Nimble */ = {
			isa = XCSwiftPackageProductDependency;
			package = 18DABF91283CB5100029E9AA /* XCRemoteSwiftPackageReference "Nimble" */;
			productName = Nimble;
		};
		18DABF95283CB5950029E9AA /* RxNimble */ = {
			isa = XCSwiftPackageProductDependency;
			package = 18DABF94283CB5950029E9AA /* XCRemoteSwiftPackageReference "RxNimble" */;
			productName = RxNimble;
		};
		18E30DA828105422005AEF96 /* RxCocoa */ = {
			isa = XCSwiftPackageProductDependency;
			package = 18E30DA728105422005AEF96 /* XCRemoteSwiftPackageReference "RxSwift" */;
			productName = RxCocoa;
		};
		18E30DAA28105422005AEF96 /* RxRelay */ = {
			isa = XCSwiftPackageProductDependency;
			package = 18E30DA728105422005AEF96 /* XCRemoteSwiftPackageReference "RxSwift" */;
			productName = RxRelay;
		};
		18E30DAC28105422005AEF96 /* RxSwift */ = {
			isa = XCSwiftPackageProductDependency;
			package = 18E30DA728105422005AEF96 /* XCRemoteSwiftPackageReference "RxSwift" */;
			productName = RxSwift;
		};
/* End XCSwiftPackageProductDependency section */
	};
	rootObject = 18D4DCF727FBC15100697F43 /* Project object */;
}
