// !$*UTF8*$!
{
	archiveVersion = 1;
	classes = {
	};
	objectVersion = 55;
	objects = {

/* Begin PBXBuildFile section */
		180650EC2803BFDB005E9F0E /* TodayWeather.swift in Sources */ = {isa = PBXBuildFile; fileRef = 180650EB2803BFDB005E9F0E /* TodayWeather.swift */; };
		180650EE28050B02005E9F0E /* WeatherInformation + Mapping.swift in Sources */ = {isa = PBXBuildFile; fileRef = 180650ED28050B02005E9F0E /* WeatherInformation + Mapping.swift */; };
		180650F5280515E2005E9F0E /* Country.swift in Sources */ = {isa = PBXBuildFile; fileRef = 180650F4280515E2005E9F0E /* Country.swift */; };
		180650F8280599BA005E9F0E /* Double + Extension.swift in Sources */ = {isa = PBXBuildFile; fileRef = 180650F7280599BA005E9F0E /* Double + Extension.swift */; };
		180650FB2805AA23005E9F0E /* CacheService.swift in Sources */ = {isa = PBXBuildFile; fileRef = 180650FA2805AA23005E9F0E /* CacheService.swift */; };
		180650FD2805B0F9005E9F0E /* ImageCacheData.swift in Sources */ = {isa = PBXBuildFile; fileRef = 180650FC2805B0F9005E9F0E /* ImageCacheData.swift */; };
		18CE477A27FDE27300C402D9 /* LocationSearchUseCase.swift in Sources */ = {isa = PBXBuildFile; fileRef = 18CE477927FDE27300C402D9 /* LocationSearchUseCase.swift */; };
		18D4DD0327FBC15100697F43 /* AppDelegate.swift in Sources */ = {isa = PBXBuildFile; fileRef = 18D4DD0227FBC15100697F43 /* AppDelegate.swift */; };
		18D4DD0527FBC15100697F43 /* SceneDelegate.swift in Sources */ = {isa = PBXBuildFile; fileRef = 18D4DD0427FBC15100697F43 /* SceneDelegate.swift */; };
		18D4DD0727FBC15100697F43 /* SearchViewController.swift in Sources */ = {isa = PBXBuildFile; fileRef = 18D4DD0627FBC15100697F43 /* SearchViewController.swift */; };
		18D4DD0C27FBC15400697F43 /* Assets.xcassets in Resources */ = {isa = PBXBuildFile; fileRef = 18D4DD0B27FBC15400697F43 /* Assets.xcassets */; };
		18D4DD0F27FBC15400697F43 /* LaunchScreen.storyboard in Resources */ = {isa = PBXBuildFile; fileRef = 18D4DD0D27FBC15400697F43 /* LaunchScreen.storyboard */; };
		18D4DD1E27FBCBEB00697F43 /* APIService.swift in Sources */ = {isa = PBXBuildFile; fileRef = 18D4DD1D27FBCBEB00697F43 /* APIService.swift */; };
		18D4DD2127FBCE6900697F43 /* RequestType.swift in Sources */ = {isa = PBXBuildFile; fileRef = 18D4DD2027FBCE6900697F43 /* RequestType.swift */; };
		18D4DD2427FBD39B00697F43 /* Constant.swift in Sources */ = {isa = PBXBuildFile; fileRef = 18D4DD2327FBD39B00697F43 /* Constant.swift */; };
		18D4DD2827FBDE7500697F43 /* URLSessionNetworkService.swift in Sources */ = {isa = PBXBuildFile; fileRef = 18D4DD2727FBDE7500697F43 /* URLSessionNetworkService.swift */; };
		18D4DD2E27FBDFD400697F43 /* DefaultWeatherRepository.swift in Sources */ = {isa = PBXBuildFile; fileRef = 18D4DD2D27FBDFD400697F43 /* DefaultWeatherRepository.swift */; };
		18D4DD3127FBE03000697F43 /* WeatherRepository.swift in Sources */ = {isa = PBXBuildFile; fileRef = 18D4DD3027FBE03000697F43 /* WeatherRepository.swift */; };
		18D4DD3327FBE1EE00697F43 /* CitySearchRepository.swift in Sources */ = {isa = PBXBuildFile; fileRef = 18D4DD3227FBE1EE00697F43 /* CitySearchRepository.swift */; };
		18D4DD3527FBE20F00697F43 /* DefaultCitySearchRepository.swift in Sources */ = {isa = PBXBuildFile; fileRef = 18D4DD3427FBE20F00697F43 /* DefaultCitySearchRepository.swift */; };
		18D4DD3727FBE2B800697F43 /* City.swift in Sources */ = {isa = PBXBuildFile; fileRef = 18D4DD3627FBE2B800697F43 /* City.swift */; };
		18D4DD3B27FBF84B00697F43 /* SearchViewModel.swift in Sources */ = {isa = PBXBuildFile; fileRef = 18D4DD3A27FBF84B00697F43 /* SearchViewModel.swift */; };
		18D4DD3D27FBF87E00697F43 /* CitySearchUseCase.swift in Sources */ = {isa = PBXBuildFile; fileRef = 18D4DD3C27FBF87E00697F43 /* CitySearchUseCase.swift */; };
		18D4DD3F27FBF91900697F43 /* Coordinator.swift in Sources */ = {isa = PBXBuildFile; fileRef = 18D4DD3E27FBF91900697F43 /* Coordinator.swift */; };
		18D4DD4227FBFA5700697F43 /* DetailShowUseCase.swift in Sources */ = {isa = PBXBuildFile; fileRef = 18D4DD4127FBFA5700697F43 /* DetailShowUseCase.swift */; };
		18D4DD4627FBFBD300697F43 /* ListTableViewCell.swift in Sources */ = {isa = PBXBuildFile; fileRef = 18D4DD4527FBFBD300697F43 /* ListTableViewCell.swift */; };
		18D4DD4D27FC0C5A00697F43 /* DetailShowUIViewController.swift in Sources */ = {isa = PBXBuildFile; fileRef = 18D4DD4C27FC0C5A00697F43 /* DetailShowUIViewController.swift */; };
		18D4DD4F27FC0C7500697F43 /* DetailShowViewModel.swift in Sources */ = {isa = PBXBuildFile; fileRef = 18D4DD4E27FC0C7500697F43 /* DetailShowViewModel.swift */; };
		18D7B1EF27FFC9330077119A /* ImageCacheUseCase.swift in Sources */ = {isa = PBXBuildFile; fileRef = 18D7B1EE27FFC9330077119A /* ImageCacheUseCase.swift */; };
		18D7B1F127FFC9590077119A /* ImageProvideRepository.swift in Sources */ = {isa = PBXBuildFile; fileRef = 18D7B1F027FFC9590077119A /* ImageProvideRepository.swift */; };
		18D7B1F327FFC9830077119A /* DefaultImageProvideRepository.swift in Sources */ = {isa = PBXBuildFile; fileRef = 18D7B1F227FFC9830077119A /* DefaultImageProvideRepository.swift */; };
/* End PBXBuildFile section */

/* Begin PBXFileReference section */
		180650EB2803BFDB005E9F0E /* TodayWeather.swift */ = {isa = PBXFileReference; lastKnownFileType = sourcecode.swift; path = TodayWeather.swift; sourceTree = "<group>"; };
		180650ED28050B02005E9F0E /* WeatherInformation + Mapping.swift */ = {isa = PBXFileReference; lastKnownFileType = sourcecode.swift; path = "WeatherInformation + Mapping.swift"; sourceTree = "<group>"; };
		180650F4280515E2005E9F0E /* Country.swift */ = {isa = PBXFileReference; lastKnownFileType = sourcecode.swift; path = Country.swift; sourceTree = "<group>"; };
		180650F7280599BA005E9F0E /* Double + Extension.swift */ = {isa = PBXFileReference; lastKnownFileType = sourcecode.swift; path = "Double + Extension.swift"; sourceTree = "<group>"; };
		180650FA2805AA23005E9F0E /* CacheService.swift */ = {isa = PBXFileReference; lastKnownFileType = sourcecode.swift; path = CacheService.swift; sourceTree = "<group>"; };
		180650FC2805B0F9005E9F0E /* ImageCacheData.swift */ = {isa = PBXFileReference; lastKnownFileType = sourcecode.swift; path = ImageCacheData.swift; sourceTree = "<group>"; };
		18CE477927FDE27300C402D9 /* LocationSearchUseCase.swift */ = {isa = PBXFileReference; lastKnownFileType = sourcecode.swift; path = LocationSearchUseCase.swift; sourceTree = "<group>"; };
		18D4DCFF27FBC15100697F43 /* ChildOfWeather.app */ = {isa = PBXFileReference; explicitFileType = wrapper.application; includeInIndex = 0; path = ChildOfWeather.app; sourceTree = BUILT_PRODUCTS_DIR; };
		18D4DD0227FBC15100697F43 /* AppDelegate.swift */ = {isa = PBXFileReference; lastKnownFileType = sourcecode.swift; path = AppDelegate.swift; sourceTree = "<group>"; };
		18D4DD0427FBC15100697F43 /* SceneDelegate.swift */ = {isa = PBXFileReference; lastKnownFileType = sourcecode.swift; path = SceneDelegate.swift; sourceTree = "<group>"; };
		18D4DD0627FBC15100697F43 /* SearchViewController.swift */ = {isa = PBXFileReference; lastKnownFileType = sourcecode.swift; path = SearchViewController.swift; sourceTree = "<group>"; };
		18D4DD0B27FBC15400697F43 /* Assets.xcassets */ = {isa = PBXFileReference; lastKnownFileType = folder.assetcatalog; path = Assets.xcassets; sourceTree = "<group>"; };
		18D4DD0E27FBC15400697F43 /* Base */ = {isa = PBXFileReference; lastKnownFileType = file.storyboard; name = Base; path = Base.lproj/LaunchScreen.storyboard; sourceTree = "<group>"; };
		18D4DD1027FBC15400697F43 /* Info.plist */ = {isa = PBXFileReference; lastKnownFileType = text.plist.xml; path = Info.plist; sourceTree = "<group>"; };
		18D4DD1D27FBCBEB00697F43 /* APIService.swift */ = {isa = PBXFileReference; lastKnownFileType = sourcecode.swift; path = APIService.swift; sourceTree = "<group>"; };
		18D4DD2027FBCE6900697F43 /* RequestType.swift */ = {isa = PBXFileReference; lastKnownFileType = sourcecode.swift; path = RequestType.swift; sourceTree = "<group>"; };
		18D4DD2327FBD39B00697F43 /* Constant.swift */ = {isa = PBXFileReference; lastKnownFileType = sourcecode.swift; path = Constant.swift; sourceTree = "<group>"; };
		18D4DD2727FBDE7500697F43 /* URLSessionNetworkService.swift */ = {isa = PBXFileReference; lastKnownFileType = sourcecode.swift; path = URLSessionNetworkService.swift; sourceTree = "<group>"; };
		18D4DD2D27FBDFD400697F43 /* DefaultWeatherRepository.swift */ = {isa = PBXFileReference; lastKnownFileType = sourcecode.swift; path = DefaultWeatherRepository.swift; sourceTree = "<group>"; };
		18D4DD3027FBE03000697F43 /* WeatherRepository.swift */ = {isa = PBXFileReference; lastKnownFileType = sourcecode.swift; path = WeatherRepository.swift; sourceTree = "<group>"; };
		18D4DD3227FBE1EE00697F43 /* CitySearchRepository.swift */ = {isa = PBXFileReference; lastKnownFileType = sourcecode.swift; path = CitySearchRepository.swift; sourceTree = "<group>"; };
		18D4DD3427FBE20F00697F43 /* DefaultCitySearchRepository.swift */ = {isa = PBXFileReference; lastKnownFileType = sourcecode.swift; path = DefaultCitySearchRepository.swift; sourceTree = "<group>"; };
		18D4DD3627FBE2B800697F43 /* City.swift */ = {isa = PBXFileReference; lastKnownFileType = sourcecode.swift; path = City.swift; sourceTree = "<group>"; };
		18D4DD3A27FBF84B00697F43 /* SearchViewModel.swift */ = {isa = PBXFileReference; lastKnownFileType = sourcecode.swift; path = SearchViewModel.swift; sourceTree = "<group>"; };
		18D4DD3C27FBF87E00697F43 /* CitySearchUseCase.swift */ = {isa = PBXFileReference; lastKnownFileType = sourcecode.swift; path = CitySearchUseCase.swift; sourceTree = "<group>"; };
		18D4DD3E27FBF91900697F43 /* Coordinator.swift */ = {isa = PBXFileReference; lastKnownFileType = sourcecode.swift; path = Coordinator.swift; sourceTree = "<group>"; };
		18D4DD4127FBFA5700697F43 /* DetailShowUseCase.swift */ = {isa = PBXFileReference; lastKnownFileType = sourcecode.swift; path = DetailShowUseCase.swift; sourceTree = "<group>"; };
		18D4DD4527FBFBD300697F43 /* ListTableViewCell.swift */ = {isa = PBXFileReference; lastKnownFileType = sourcecode.swift; path = ListTableViewCell.swift; sourceTree = "<group>"; };
		18D4DD4C27FC0C5A00697F43 /* DetailShowUIViewController.swift */ = {isa = PBXFileReference; lastKnownFileType = sourcecode.swift; path = DetailShowUIViewController.swift; sourceTree = "<group>"; };
		18D4DD4E27FC0C7500697F43 /* DetailShowViewModel.swift */ = {isa = PBXFileReference; lastKnownFileType = sourcecode.swift; path = DetailShowViewModel.swift; sourceTree = "<group>"; };
		18D7B1EE27FFC9330077119A /* ImageCacheUseCase.swift */ = {isa = PBXFileReference; lastKnownFileType = sourcecode.swift; path = ImageCacheUseCase.swift; sourceTree = "<group>"; };
		18D7B1F027FFC9590077119A /* ImageProvideRepository.swift */ = {isa = PBXFileReference; lastKnownFileType = sourcecode.swift; path = ImageProvideRepository.swift; sourceTree = "<group>"; };
		18D7B1F227FFC9830077119A /* DefaultImageProvideRepository.swift */ = {isa = PBXFileReference; lastKnownFileType = sourcecode.swift; path = DefaultImageProvideRepository.swift; sourceTree = "<group>"; };
/* End PBXFileReference section */

/* Begin PBXFrameworksBuildPhase section */
		18D4DCFC27FBC15100697F43 /* Frameworks */ = {
			isa = PBXFrameworksBuildPhase;
			buildActionMask = 2147483647;
			files = (
			);
			runOnlyForDeploymentPostprocessing = 0;
		};
/* End PBXFrameworksBuildPhase section */

/* Begin PBXGroup section */
		180650EF28050B0A005E9F0E /* Entitiy */ = {
			isa = PBXGroup;
			children = (
				180650ED28050B02005E9F0E /* WeatherInformation + Mapping.swift */,
			);
			path = Entitiy;
			sourceTree = "<group>";
		};
		180650F6280599AF005E9F0E /* Utils */ = {
			isa = PBXGroup;
			children = (
				180650F7280599BA005E9F0E /* Double + Extension.swift */,
			);
			path = Utils;
			sourceTree = "<group>";
		};
		180650F92805AA12005E9F0E /* Utils */ = {
			isa = PBXGroup;
			children = (
				180650FC2805B0F9005E9F0E /* ImageCacheData.swift */,
			);
			path = Utils;
			sourceTree = "<group>";
		};
		180650FE2805B7A0005E9F0E /* Cache */ = {
			isa = PBXGroup;
			children = (
				180650FA2805AA23005E9F0E /* CacheService.swift */,
			);
			path = Cache;
			sourceTree = "<group>";
		};
		18D4DCF627FBC15100697F43 = {
			isa = PBXGroup;
			children = (
				18D4DD0127FBC15100697F43 /* ChildOfWeather */,
				18D4DD0027FBC15100697F43 /* Products */,
			);
			sourceTree = "<group>";
		};
		18D4DD0027FBC15100697F43 /* Products */ = {
			isa = PBXGroup;
			children = (
				18D4DCFF27FBC15100697F43 /* ChildOfWeather.app */,
			);
			name = Products;
			sourceTree = "<group>";
		};
		18D4DD0127FBC15100697F43 /* ChildOfWeather */ = {
			isa = PBXGroup;
			children = (
				18D4DD1727FBC32E00697F43 /* Core */,
				18D4DD1F27FBCE4D00697F43 /* NetWork */,
				180650FE2805B7A0005E9F0E /* Cache */,
				18D4DD1A27FBC34E00697F43 /* Data */,
				18D4DD1827FBC33500697F43 /* Domain */,
				18D4DD1927FBC34300697F43 /* Presentation */,
				18D4DD0B27FBC15400697F43 /* Assets.xcassets */,
				18D4DD0D27FBC15400697F43 /* LaunchScreen.storyboard */,
				18D4DD1027FBC15400697F43 /* Info.plist */,
			);
			path = ChildOfWeather;
			sourceTree = "<group>";
		};
		18D4DD1727FBC32E00697F43 /* Core */ = {
			isa = PBXGroup;
			children = (
				18D4DD0227FBC15100697F43 /* AppDelegate.swift */,
				18D4DD0427FBC15100697F43 /* SceneDelegate.swift */,
			);
			path = Core;
			sourceTree = "<group>";
		};
		18D4DD1827FBC33500697F43 /* Domain */ = {
			isa = PBXGroup;
			children = (
				180650F92805AA12005E9F0E /* Utils */,
				18D4DD2F27FBDFED00697F43 /* RepositoryInterface */,
				18D4DD2A27FBDF7100697F43 /* Models */,
				18D4DD2B27FBDF7600697F43 /* UseCase */,
			);
			path = Domain;
			sourceTree = "<group>";
		};
		18D4DD1927FBC34300697F43 /* Presentation */ = {
			isa = PBXGroup;
			children = (
				18D4DD4027FBF9B400697F43 /* Coordinator */,
				18D4DD2227FBD00800697F43 /* SearchView */,
				18D4DD4927FC0BFC00697F43 /* DetailView */,
			);
			path = Presentation;
			sourceTree = "<group>";
		};
		18D4DD1A27FBC34E00697F43 /* Data */ = {
			isa = PBXGroup;
			children = (
				180650EF28050B0A005E9F0E /* Entitiy */,
				18D4DD2927FBDF4B00697F43 /* Repository */,
			);
			path = Data;
			sourceTree = "<group>";
		};
		18D4DD1F27FBCE4D00697F43 /* NetWork */ = {
			isa = PBXGroup;
			children = (
				18D7B1F4280020910077119A /* Utility */,
				18D4DD2C27FBDF8E00697F43 /* Protocol */,
				18D4DD1D27FBCBEB00697F43 /* APIService.swift */,
			);
			path = NetWork;
			sourceTree = "<group>";
		};
		18D4DD2227FBD00800697F43 /* SearchView */ = {
			isa = PBXGroup;
			children = (
				18D4DD3827FBF82E00697F43 /* View */,
				18D4DD3927FBF83600697F43 /* ViewModel */,
			);
			path = SearchView;
			sourceTree = "<group>";
		};
		18D4DD2927FBDF4B00697F43 /* Repository */ = {
			isa = PBXGroup;
			children = (
				18D4DD2D27FBDFD400697F43 /* DefaultWeatherRepository.swift */,
				18D4DD3427FBE20F00697F43 /* DefaultCitySearchRepository.swift */,
				18D7B1F227FFC9830077119A /* DefaultImageProvideRepository.swift */,
			);
			path = Repository;
			sourceTree = "<group>";
		};
		18D4DD2A27FBDF7100697F43 /* Models */ = {
			isa = PBXGroup;
			children = (
				18D4DD3627FBE2B800697F43 /* City.swift */,
				180650EB2803BFDB005E9F0E /* TodayWeather.swift */,
				180650F4280515E2005E9F0E /* Country.swift */,
			);
			path = Models;
			sourceTree = "<group>";
		};
		18D4DD2B27FBDF7600697F43 /* UseCase */ = {
			isa = PBXGroup;
			children = (
				18D4DD3C27FBF87E00697F43 /* CitySearchUseCase.swift */,
				18D4DD4127FBFA5700697F43 /* DetailShowUseCase.swift */,
				18D7B1EE27FFC9330077119A /* ImageCacheUseCase.swift */,
				18CE477927FDE27300C402D9 /* LocationSearchUseCase.swift */,
			);
			path = UseCase;
			sourceTree = "<group>";
		};
		18D4DD2C27FBDF8E00697F43 /* Protocol */ = {
			isa = PBXGroup;
			children = (
				18D4DD2727FBDE7500697F43 /* URLSessionNetworkService.swift */,
			);
			path = Protocol;
			sourceTree = "<group>";
		};
		18D4DD2F27FBDFED00697F43 /* RepositoryInterface */ = {
			isa = PBXGroup;
			children = (
				18D4DD3027FBE03000697F43 /* WeatherRepository.swift */,
				18D4DD3227FBE1EE00697F43 /* CitySearchRepository.swift */,
				18D7B1F027FFC9590077119A /* ImageProvideRepository.swift */,
			);
			path = RepositoryInterface;
			sourceTree = "<group>";
		};
		18D4DD3827FBF82E00697F43 /* View */ = {
			isa = PBXGroup;
			children = (
				18D4DD0627FBC15100697F43 /* SearchViewController.swift */,
				18D4DD4527FBFBD300697F43 /* ListTableViewCell.swift */,
			);
			path = View;
			sourceTree = "<group>";
		};
		18D4DD3927FBF83600697F43 /* ViewModel */ = {
			isa = PBXGroup;
			children = (
				18D4DD3A27FBF84B00697F43 /* SearchViewModel.swift */,
			);
			path = ViewModel;
			sourceTree = "<group>";
		};
		18D4DD4027FBF9B400697F43 /* Coordinator */ = {
			isa = PBXGroup;
			children = (
				18D4DD3E27FBF91900697F43 /* Coordinator.swift */,
			);
			path = Coordinator;
			sourceTree = "<group>";
		};
		18D4DD4927FC0BFC00697F43 /* DetailView */ = {
			isa = PBXGroup;
			children = (
				180650F6280599AF005E9F0E /* Utils */,
				18D4DD4A27FC0C0F00697F43 /* ViewModel */,
				18D4DD4B27FC0C1F00697F43 /* View */,
			);
			path = DetailView;
			sourceTree = "<group>";
		};
		18D4DD4A27FC0C0F00697F43 /* ViewModel */ = {
			isa = PBXGroup;
			children = (
				18D4DD4E27FC0C7500697F43 /* DetailShowViewModel.swift */,
			);
			path = ViewModel;
			sourceTree = "<group>";
		};
		18D4DD4B27FC0C1F00697F43 /* View */ = {
			isa = PBXGroup;
			children = (
				18D4DD4C27FC0C5A00697F43 /* DetailShowUIViewController.swift */,
			);
			path = View;
			sourceTree = "<group>";
		};
		18D7B1F4280020910077119A /* Utility */ = {
			isa = PBXGroup;
			children = (
				18D4DD2027FBCE6900697F43 /* RequestType.swift */,
				18D4DD2327FBD39B00697F43 /* Constant.swift */,
			);
			path = Utility;
			sourceTree = "<group>";
		};
/* End PBXGroup section */

/* Begin PBXNativeTarget section */
		18D4DCFE27FBC15100697F43 /* ChildOfWeather */ = {
			isa = PBXNativeTarget;
			buildConfigurationList = 18D4DD1327FBC15400697F43 /* Build configuration list for PBXNativeTarget "ChildOfWeather" */;
			buildPhases = (
				18D4DCFB27FBC15100697F43 /* Sources */,
				18D4DCFC27FBC15100697F43 /* Frameworks */,
				18D4DCFD27FBC15100697F43 /* Resources */,
			);
			buildRules = (
			);
			dependencies = (
			);
			name = ChildOfWeather;
			productName = ChildOfWeather;
			productReference = 18D4DCFF27FBC15100697F43 /* ChildOfWeather.app */;
			productType = "com.apple.product-type.application";
		};
/* End PBXNativeTarget section */

/* Begin PBXProject section */
		18D4DCF727FBC15100697F43 /* Project object */ = {
			isa = PBXProject;
			attributes = {
				BuildIndependentTargetsInParallel = 1;
				LastSwiftUpdateCheck = 1330;
				LastUpgradeCheck = 1330;
				TargetAttributes = {
					18D4DCFE27FBC15100697F43 = {
						CreatedOnToolsVersion = 13.3;
					};
				};
			};
			buildConfigurationList = 18D4DCFA27FBC15100697F43 /* Build configuration list for PBXProject "ChildOfWeather" */;
			compatibilityVersion = "Xcode 13.0";
			developmentRegion = en;
			hasScannedForEncodings = 0;
			knownRegions = (
				en,
				Base,
			);
			mainGroup = 18D4DCF627FBC15100697F43;
			productRefGroup = 18D4DD0027FBC15100697F43 /* Products */;
			projectDirPath = "";
			projectRoot = "";
			targets = (
				18D4DCFE27FBC15100697F43 /* ChildOfWeather */,
			);
		};
/* End PBXProject section */

/* Begin PBXResourcesBuildPhase section */
		18D4DCFD27FBC15100697F43 /* Resources */ = {
			isa = PBXResourcesBuildPhase;
			buildActionMask = 2147483647;
			files = (
				18D4DD0F27FBC15400697F43 /* LaunchScreen.storyboard in Resources */,
				18D4DD0C27FBC15400697F43 /* Assets.xcassets in Resources */,
			);
			runOnlyForDeploymentPostprocessing = 0;
		};
/* End PBXResourcesBuildPhase section */

/* Begin PBXSourcesBuildPhase section */
		18D4DCFB27FBC15100697F43 /* Sources */ = {
			isa = PBXSourcesBuildPhase;
			buildActionMask = 2147483647;
			files = (
				18D7B1F127FFC9590077119A /* ImageProvideRepository.swift in Sources */,
				18D4DD3F27FBF91900697F43 /* Coordinator.swift in Sources */,
				18D4DD2E27FBDFD400697F43 /* DefaultWeatherRepository.swift in Sources */,
				18D4DD2427FBD39B00697F43 /* Constant.swift in Sources */,
				180650F5280515E2005E9F0E /* Country.swift in Sources */,
				18D4DD3B27FBF84B00697F43 /* SearchViewModel.swift in Sources */,
				180650EE28050B02005E9F0E /* WeatherInformation + Mapping.swift in Sources */,
				180650FD2805B0F9005E9F0E /* ImageCacheData.swift in Sources */,
				18D4DD3127FBE03000697F43 /* WeatherRepository.swift in Sources */,
				18D4DD0727FBC15100697F43 /* SearchViewController.swift in Sources */,
				18D4DD3527FBE20F00697F43 /* DefaultCitySearchRepository.swift in Sources */,
				18D4DD4627FBFBD300697F43 /* ListTableViewCell.swift in Sources */,
				18D4DD0327FBC15100697F43 /* AppDelegate.swift in Sources */,
				18D4DD3327FBE1EE00697F43 /* CitySearchRepository.swift in Sources */,
				18D4DD2827FBDE7500697F43 /* URLSessionNetworkService.swift in Sources */,
				18D4DD2127FBCE6900697F43 /* RequestType.swift in Sources */,
				18D4DD4F27FC0C7500697F43 /* DetailShowViewModel.swift in Sources */,
				18D4DD4D27FC0C5A00697F43 /* DetailShowUIViewController.swift in Sources */,
				18D7B1EF27FFC9330077119A /* ImageCacheUseCase.swift in Sources */,
				180650EC2803BFDB005E9F0E /* TodayWeather.swift in Sources */,
				18D4DD1E27FBCBEB00697F43 /* APIService.swift in Sources */,
				180650FB2805AA23005E9F0E /* CacheService.swift in Sources */,
				18D4DD3D27FBF87E00697F43 /* CitySearchUseCase.swift in Sources */,
				18D4DD0527FBC15100697F43 /* SceneDelegate.swift in Sources */,
				180650F8280599BA005E9F0E /* Double + Extension.swift in Sources */,
				18D4DD3727FBE2B800697F43 /* City.swift in Sources */,
				18D4DD4227FBFA5700697F43 /* DetailShowUseCase.swift in Sources */,
				18CE477A27FDE27300C402D9 /* LocationSearchUseCase.swift in Sources */,
				18D7B1F327FFC9830077119A /* DefaultImageProvideRepository.swift in Sources */,
			);
			runOnlyForDeploymentPostprocessing = 0;
		};
/* End PBXSourcesBuildPhase section */

/* Begin PBXVariantGroup section */
		18D4DD0D27FBC15400697F43 /* LaunchScreen.storyboard */ = {
			isa = PBXVariantGroup;
			children = (
				18D4DD0E27FBC15400697F43 /* Base */,
			);
			name = LaunchScreen.storyboard;
			sourceTree = "<group>";
		};
/* End PBXVariantGroup section */

/* Begin XCBuildConfiguration section */
		18D4DD1127FBC15400697F43 /* Debug */ = {
			isa = XCBuildConfiguration;
			buildSettings = {
				ALWAYS_SEARCH_USER_PATHS = NO;
				CLANG_ANALYZER_NONNULL = YES;
				CLANG_ANALYZER_NUMBER_OBJECT_CONVERSION = YES_AGGRESSIVE;
				CLANG_CXX_LANGUAGE_STANDARD = "gnu++17";
				CLANG_ENABLE_MODULES = YES;
				CLANG_ENABLE_OBJC_ARC = YES;
				CLANG_ENABLE_OBJC_WEAK = YES;
				CLANG_WARN_BLOCK_CAPTURE_AUTORELEASING = YES;
				CLANG_WARN_BOOL_CONVERSION = YES;
				CLANG_WARN_COMMA = YES;
				CLANG_WARN_CONSTANT_CONVERSION = YES;
				CLANG_WARN_DEPRECATED_OBJC_IMPLEMENTATIONS = YES;
				CLANG_WARN_DIRECT_OBJC_ISA_USAGE = YES_ERROR;
				CLANG_WARN_DOCUMENTATION_COMMENTS = YES;
				CLANG_WARN_EMPTY_BODY = YES;
				CLANG_WARN_ENUM_CONVERSION = YES;
				CLANG_WARN_INFINITE_RECURSION = YES;
				CLANG_WARN_INT_CONVERSION = YES;
				CLANG_WARN_NON_LITERAL_NULL_CONVERSION = YES;
				CLANG_WARN_OBJC_IMPLICIT_RETAIN_SELF = YES;
				CLANG_WARN_OBJC_LITERAL_CONVERSION = YES;
				CLANG_WARN_OBJC_ROOT_CLASS = YES_ERROR;
				CLANG_WARN_QUOTED_INCLUDE_IN_FRAMEWORK_HEADER = YES;
				CLANG_WARN_RANGE_LOOP_ANALYSIS = YES;
				CLANG_WARN_STRICT_PROTOTYPES = YES;
				CLANG_WARN_SUSPICIOUS_MOVE = YES;
				CLANG_WARN_UNGUARDED_AVAILABILITY = YES_AGGRESSIVE;
				CLANG_WARN_UNREACHABLE_CODE = YES;
				CLANG_WARN__DUPLICATE_METHOD_MATCH = YES;
				COPY_PHASE_STRIP = NO;
				DEBUG_INFORMATION_FORMAT = dwarf;
				ENABLE_STRICT_OBJC_MSGSEND = YES;
				ENABLE_TESTABILITY = YES;
				GCC_C_LANGUAGE_STANDARD = gnu11;
				GCC_DYNAMIC_NO_PIC = NO;
				GCC_NO_COMMON_BLOCKS = YES;
				GCC_OPTIMIZATION_LEVEL = 0;
				GCC_PREPROCESSOR_DEFINITIONS = (
					"DEBUG=1",
					"$(inherited)",
				);
				GCC_WARN_64_TO_32_BIT_CONVERSION = YES;
				GCC_WARN_ABOUT_RETURN_TYPE = YES_ERROR;
				GCC_WARN_UNDECLARED_SELECTOR = YES;
				GCC_WARN_UNINITIALIZED_AUTOS = YES_AGGRESSIVE;
				GCC_WARN_UNUSED_FUNCTION = YES;
				GCC_WARN_UNUSED_VARIABLE = YES;
				IPHONEOS_DEPLOYMENT_TARGET = 15.4;
				MTL_ENABLE_DEBUG_INFO = INCLUDE_SOURCE;
				MTL_FAST_MATH = YES;
				ONLY_ACTIVE_ARCH = YES;
				SDKROOT = iphoneos;
				SWIFT_ACTIVE_COMPILATION_CONDITIONS = DEBUG;
				SWIFT_OPTIMIZATION_LEVEL = "-Onone";
			};
			name = Debug;
		};
		18D4DD1227FBC15400697F43 /* Release */ = {
			isa = XCBuildConfiguration;
			buildSettings = {
				ALWAYS_SEARCH_USER_PATHS = NO;
				CLANG_ANALYZER_NONNULL = YES;
				CLANG_ANALYZER_NUMBER_OBJECT_CONVERSION = YES_AGGRESSIVE;
				CLANG_CXX_LANGUAGE_STANDARD = "gnu++17";
				CLANG_ENABLE_MODULES = YES;
				CLANG_ENABLE_OBJC_ARC = YES;
				CLANG_ENABLE_OBJC_WEAK = YES;
				CLANG_WARN_BLOCK_CAPTURE_AUTORELEASING = YES;
				CLANG_WARN_BOOL_CONVERSION = YES;
				CLANG_WARN_COMMA = YES;
				CLANG_WARN_CONSTANT_CONVERSION = YES;
				CLANG_WARN_DEPRECATED_OBJC_IMPLEMENTATIONS = YES;
				CLANG_WARN_DIRECT_OBJC_ISA_USAGE = YES_ERROR;
				CLANG_WARN_DOCUMENTATION_COMMENTS = YES;
				CLANG_WARN_EMPTY_BODY = YES;
				CLANG_WARN_ENUM_CONVERSION = YES;
				CLANG_WARN_INFINITE_RECURSION = YES;
				CLANG_WARN_INT_CONVERSION = YES;
				CLANG_WARN_NON_LITERAL_NULL_CONVERSION = YES;
				CLANG_WARN_OBJC_IMPLICIT_RETAIN_SELF = YES;
				CLANG_WARN_OBJC_LITERAL_CONVERSION = YES;
				CLANG_WARN_OBJC_ROOT_CLASS = YES_ERROR;
				CLANG_WARN_QUOTED_INCLUDE_IN_FRAMEWORK_HEADER = YES;
				CLANG_WARN_RANGE_LOOP_ANALYSIS = YES;
				CLANG_WARN_STRICT_PROTOTYPES = YES;
				CLANG_WARN_SUSPICIOUS_MOVE = YES;
				CLANG_WARN_UNGUARDED_AVAILABILITY = YES_AGGRESSIVE;
				CLANG_WARN_UNREACHABLE_CODE = YES;
				CLANG_WARN__DUPLICATE_METHOD_MATCH = YES;
				COPY_PHASE_STRIP = NO;
				DEBUG_INFORMATION_FORMAT = "dwarf-with-dsym";
				ENABLE_NS_ASSERTIONS = NO;
				ENABLE_STRICT_OBJC_MSGSEND = YES;
				GCC_C_LANGUAGE_STANDARD = gnu11;
				GCC_NO_COMMON_BLOCKS = YES;
				GCC_WARN_64_TO_32_BIT_CONVERSION = YES;
				GCC_WARN_ABOUT_RETURN_TYPE = YES_ERROR;
				GCC_WARN_UNDECLARED_SELECTOR = YES;
				GCC_WARN_UNINITIALIZED_AUTOS = YES_AGGRESSIVE;
				GCC_WARN_UNUSED_FUNCTION = YES;
				GCC_WARN_UNUSED_VARIABLE = YES;
				IPHONEOS_DEPLOYMENT_TARGET = 15.4;
				MTL_ENABLE_DEBUG_INFO = NO;
				MTL_FAST_MATH = YES;
				SDKROOT = iphoneos;
				SWIFT_COMPILATION_MODE = wholemodule;
				SWIFT_OPTIMIZATION_LEVEL = "-O";
				VALIDATE_PRODUCT = YES;
			};
			name = Release;
		};
		18D4DD1427FBC15400697F43 /* Debug */ = {
			isa = XCBuildConfiguration;
			buildSettings = {
				ASSETCATALOG_COMPILER_APPICON_NAME = AppIcon;
				ASSETCATALOG_COMPILER_GLOBAL_ACCENT_COLOR_NAME = AccentColor;
				CODE_SIGN_STYLE = Automatic;
				CURRENT_PROJECT_VERSION = 1;
				GENERATE_INFOPLIST_FILE = YES;
				INFOPLIST_FILE = ChildOfWeather/Info.plist;
				INFOPLIST_KEY_UIApplicationSupportsIndirectInputEvents = YES;
				INFOPLIST_KEY_UILaunchStoryboardName = LaunchScreen;
				INFOPLIST_KEY_UISupportedInterfaceOrientations_iPad = "UIInterfaceOrientationPortrait UIInterfaceOrientationPortraitUpsideDown UIInterfaceOrientationLandscapeLeft UIInterfaceOrientationLandscapeRight";
				INFOPLIST_KEY_UISupportedInterfaceOrientations_iPhone = "UIInterfaceOrientationPortrait UIInterfaceOrientationLandscapeLeft UIInterfaceOrientationLandscapeRight";
				LD_RUNPATH_SEARCH_PATHS = (
					"$(inherited)",
					"@executable_path/Frameworks",
				);
				MARKETING_VERSION = 1.0;
				PRODUCT_BUNDLE_IDENTIFIER = com.yourcompany.test.ChildOfWeather;
				PRODUCT_NAME = "$(TARGET_NAME)";
				SWIFT_EMIT_LOC_STRINGS = YES;
				SWIFT_VERSION = 5.0;
				TARGETED_DEVICE_FAMILY = "1,2";
			};
			name = Debug;
		};
		18D4DD1527FBC15400697F43 /* Release */ = {
			isa = XCBuildConfiguration;
			buildSettings = {
				ASSETCATALOG_COMPILER_APPICON_NAME = AppIcon;
				ASSETCATALOG_COMPILER_GLOBAL_ACCENT_COLOR_NAME = AccentColor;
				CODE_SIGN_STYLE = Automatic;
				CURRENT_PROJECT_VERSION = 1;
				GENERATE_INFOPLIST_FILE = YES;
				INFOPLIST_FILE = ChildOfWeather/Info.plist;
				INFOPLIST_KEY_UIApplicationSupportsIndirectInputEvents = YES;
				INFOPLIST_KEY_UILaunchStoryboardName = LaunchScreen;
				INFOPLIST_KEY_UISupportedInterfaceOrientations_iPad = "UIInterfaceOrientationPortrait UIInterfaceOrientationPortraitUpsideDown UIInterfaceOrientationLandscapeLeft UIInterfaceOrientationLandscapeRight";
				INFOPLIST_KEY_UISupportedInterfaceOrientations_iPhone = "UIInterfaceOrientationPortrait UIInterfaceOrientationLandscapeLeft UIInterfaceOrientationLandscapeRight";
				LD_RUNPATH_SEARCH_PATHS = (
					"$(inherited)",
					"@executable_path/Frameworks",
				);
				MARKETING_VERSION = 1.0;
				PRODUCT_BUNDLE_IDENTIFIER = com.yourcompany.test.ChildOfWeather;
				PRODUCT_NAME = "$(TARGET_NAME)";
				SWIFT_EMIT_LOC_STRINGS = YES;
				SWIFT_VERSION = 5.0;
				TARGETED_DEVICE_FAMILY = "1,2";
			};
			name = Release;
		};
/* End XCBuildConfiguration section */

/* Begin XCConfigurationList section */
		18D4DCFA27FBC15100697F43 /* Build configuration list for PBXProject "ChildOfWeather" */ = {
			isa = XCConfigurationList;
			buildConfigurations = (
				18D4DD1127FBC15400697F43 /* Debug */,
				18D4DD1227FBC15400697F43 /* Release */,
			);
			defaultConfigurationIsVisible = 0;
			defaultConfigurationName = Release;
		};
		18D4DD1327FBC15400697F43 /* Build configuration list for PBXNativeTarget "ChildOfWeather" */ = {
			isa = XCConfigurationList;
			buildConfigurations = (
				18D4DD1427FBC15400697F43 /* Debug */,
				18D4DD1527FBC15400697F43 /* Release */,
			);
			defaultConfigurationIsVisible = 0;
			defaultConfigurationName = Release;
		};
/* End XCConfigurationList section */
	};
	rootObject = 18D4DCF727FBC15100697F43 /* Project object */;
}
